// !$*UTF8*$!
{
	archiveVersion = 1;
	classes = {
	};
	objectVersion = 48;
	objects = {

/* Begin PBXBuildFile section */
		4A3CF89555089BED46858029 /* libPods-DesignPatternsDemoUITests.a in Frameworks */ = {isa = PBXBuildFile; fileRef = 532B25C31BFE039DB51B602A /* libPods-DesignPatternsDemoUITests.a */; };
		847F8720350F5654D51D168D /* libPods-DesignPatternsDemoTests.a in Frameworks */ = {isa = PBXBuildFile; fileRef = FA4DAC6D7EA35C3AE016FFEB /* libPods-DesignPatternsDemoTests.a */; };
		9C4698921FB4294F007E6F69 /* FacadePattern.m in Sources */ = {isa = PBXBuildFile; fileRef = 9C4698911FB4294F007E6F69 /* FacadePattern.m */; };
		9C87DF491F9DDB47002ECEDC /* AppDelegate.m in Sources */ = {isa = PBXBuildFile; fileRef = 9C87DF481F9DDB47002ECEDC /* AppDelegate.m */; };
		9C87DF4C1F9DDB47002ECEDC /* ViewController.m in Sources */ = {isa = PBXBuildFile; fileRef = 9C87DF4B1F9DDB47002ECEDC /* ViewController.m */; };
		9C87DF4F1F9DDB47002ECEDC /* Main.storyboard in Resources */ = {isa = PBXBuildFile; fileRef = 9C87DF4D1F9DDB47002ECEDC /* Main.storyboard */; };
		9C87DF511F9DDB47002ECEDC /* Assets.xcassets in Resources */ = {isa = PBXBuildFile; fileRef = 9C87DF501F9DDB47002ECEDC /* Assets.xcassets */; };
		9C87DF541F9DDB47002ECEDC /* LaunchScreen.storyboard in Resources */ = {isa = PBXBuildFile; fileRef = 9C87DF521F9DDB47002ECEDC /* LaunchScreen.storyboard */; };
		9C87DF571F9DDB47002ECEDC /* main.m in Sources */ = {isa = PBXBuildFile; fileRef = 9C87DF561F9DDB47002ECEDC /* main.m */; };
		9C87DF611F9DDB47002ECEDC /* DesignPatternsDemoTests.m in Sources */ = {isa = PBXBuildFile; fileRef = 9C87DF601F9DDB47002ECEDC /* DesignPatternsDemoTests.m */; };
		9C87DF6C1F9DDB48002ECEDC /* DesignPatternsDemoUITests.m in Sources */ = {isa = PBXBuildFile; fileRef = 9C87DF6B1F9DDB48002ECEDC /* DesignPatternsDemoUITests.m */; };
		9FED222AA059A1057F9AD570 /* libPods-DesignPatternsDemo.a in Frameworks */ = {isa = PBXBuildFile; fileRef = 27B38F68E426FCF1242618AD /* libPods-DesignPatternsDemo.a */; };
/* End PBXBuildFile section */

/* Begin PBXContainerItemProxy section */
		9C87DF5D1F9DDB47002ECEDC /* PBXContainerItemProxy */ = {
			isa = PBXContainerItemProxy;
			containerPortal = 9C87DF3C1F9DDB47002ECEDC /* Project object */;
			proxyType = 1;
			remoteGlobalIDString = 9C87DF431F9DDB47002ECEDC;
			remoteInfo = DesignPatternsDemo;
		};
		9C87DF681F9DDB48002ECEDC /* PBXContainerItemProxy */ = {
			isa = PBXContainerItemProxy;
			containerPortal = 9C87DF3C1F9DDB47002ECEDC /* Project object */;
			proxyType = 1;
			remoteGlobalIDString = 9C87DF431F9DDB47002ECEDC;
			remoteInfo = DesignPatternsDemo;
		};
/* End PBXContainerItemProxy section */

/* Begin PBXFileReference section */
		134AC3A7E4B202BA2AB595FA /* Pods-DesignPatternsDemoUITests.release.xcconfig */ = {isa = PBXFileReference; includeInIndex = 1; lastKnownFileType = text.xcconfig; name = "Pods-DesignPatternsDemoUITests.release.xcconfig"; path = "Pods/Target Support Files/Pods-DesignPatternsDemoUITests/Pods-DesignPatternsDemoUITests.release.xcconfig"; sourceTree = "<group>"; };
		27B38F68E426FCF1242618AD /* libPods-DesignPatternsDemo.a */ = {isa = PBXFileReference; explicitFileType = archive.ar; includeInIndex = 0; path = "libPods-DesignPatternsDemo.a"; sourceTree = BUILT_PRODUCTS_DIR; };
		399E0ACAB3025F00AA5AAD83 /* Pods-DesignPatternsDemoTests.release.xcconfig */ = {isa = PBXFileReference; includeInIndex = 1; lastKnownFileType = text.xcconfig; name = "Pods-DesignPatternsDemoTests.release.xcconfig"; path = "Pods/Target Support Files/Pods-DesignPatternsDemoTests/Pods-DesignPatternsDemoTests.release.xcconfig"; sourceTree = "<group>"; };
		532B25C31BFE039DB51B602A /* libPods-DesignPatternsDemoUITests.a */ = {isa = PBXFileReference; explicitFileType = archive.ar; includeInIndex = 0; path = "libPods-DesignPatternsDemoUITests.a"; sourceTree = BUILT_PRODUCTS_DIR; };
		6A2A0122C07A06F44C065563 /* Pods-DesignPatternsDemoTests.debug.xcconfig */ = {isa = PBXFileReference; includeInIndex = 1; lastKnownFileType = text.xcconfig; name = "Pods-DesignPatternsDemoTests.debug.xcconfig"; path = "Pods/Target Support Files/Pods-DesignPatternsDemoTests/Pods-DesignPatternsDemoTests.debug.xcconfig"; sourceTree = "<group>"; };
		759E13EC5BC8DCF076C9665E /* Pods-DesignPatternsDemo.debug.xcconfig */ = {isa = PBXFileReference; includeInIndex = 1; lastKnownFileType = text.xcconfig; name = "Pods-DesignPatternsDemo.debug.xcconfig"; path = "Pods/Target Support Files/Pods-DesignPatternsDemo/Pods-DesignPatternsDemo.debug.xcconfig"; sourceTree = "<group>"; };
		776E2196FAA4C17C34673054 /* Pods-DesignPatternsDemoUITests.debug.xcconfig */ = {isa = PBXFileReference; includeInIndex = 1; lastKnownFileType = text.xcconfig; name = "Pods-DesignPatternsDemoUITests.debug.xcconfig"; path = "Pods/Target Support Files/Pods-DesignPatternsDemoUITests/Pods-DesignPatternsDemoUITests.debug.xcconfig"; sourceTree = "<group>"; };
		9C4047A81FA02B4300C6AE9B /* README.md */ = {isa = PBXFileReference; lastKnownFileType = net.daringfireball.markdown; path = README.md; sourceTree = "<group>"; };
		9C4698901FB4294F007E6F69 /* FacadePattern.h */ = {isa = PBXFileReference; lastKnownFileType = sourcecode.c.h; path = FacadePattern.h; sourceTree = "<group>"; };
		9C4698911FB4294F007E6F69 /* FacadePattern.m */ = {isa = PBXFileReference; lastKnownFileType = sourcecode.c.objc; path = FacadePattern.m; sourceTree = "<group>"; };
		9C87DF441F9DDB47002ECEDC /* DesignPatternsDemo.app */ = {isa = PBXFileReference; explicitFileType = wrapper.application; includeInIndex = 0; path = DesignPatternsDemo.app; sourceTree = BUILT_PRODUCTS_DIR; };
		9C87DF471F9DDB47002ECEDC /* AppDelegate.h */ = {isa = PBXFileReference; lastKnownFileType = sourcecode.c.h; path = AppDelegate.h; sourceTree = "<group>"; };
		9C87DF481F9DDB47002ECEDC /* AppDelegate.m */ = {isa = PBXFileReference; lastKnownFileType = sourcecode.c.objc; path = AppDelegate.m; sourceTree = "<group>"; };
		9C87DF4A1F9DDB47002ECEDC /* ViewController.h */ = {isa = PBXFileReference; lastKnownFileType = sourcecode.c.h; path = ViewController.h; sourceTree = "<group>"; };
		9C87DF4B1F9DDB47002ECEDC /* ViewController.m */ = {isa = PBXFileReference; lastKnownFileType = sourcecode.c.objc; path = ViewController.m; sourceTree = "<group>"; };
		9C87DF4E1F9DDB47002ECEDC /* Base */ = {isa = PBXFileReference; lastKnownFileType = file.storyboard; name = Base; path = Base.lproj/Main.storyboard; sourceTree = "<group>"; };
		9C87DF501F9DDB47002ECEDC /* Assets.xcassets */ = {isa = PBXFileReference; lastKnownFileType = folder.assetcatalog; path = Assets.xcassets; sourceTree = "<group>"; };
		9C87DF531F9DDB47002ECEDC /* Base */ = {isa = PBXFileReference; lastKnownFileType = file.storyboard; name = Base; path = Base.lproj/LaunchScreen.storyboard; sourceTree = "<group>"; };
		9C87DF551F9DDB47002ECEDC /* Info.plist */ = {isa = PBXFileReference; lastKnownFileType = text.plist.xml; path = Info.plist; sourceTree = "<group>"; };
		9C87DF561F9DDB47002ECEDC /* main.m */ = {isa = PBXFileReference; lastKnownFileType = sourcecode.c.objc; path = main.m; sourceTree = "<group>"; };
		9C87DF5C1F9DDB47002ECEDC /* DesignPatternsDemoTests.xctest */ = {isa = PBXFileReference; explicitFileType = wrapper.cfbundle; includeInIndex = 0; path = DesignPatternsDemoTests.xctest; sourceTree = BUILT_PRODUCTS_DIR; };
		9C87DF601F9DDB47002ECEDC /* DesignPatternsDemoTests.m */ = {isa = PBXFileReference; lastKnownFileType = sourcecode.c.objc; path = DesignPatternsDemoTests.m; sourceTree = "<group>"; };
		9C87DF621F9DDB47002ECEDC /* Info.plist */ = {isa = PBXFileReference; lastKnownFileType = text.plist.xml; path = Info.plist; sourceTree = "<group>"; };
		9C87DF671F9DDB48002ECEDC /* DesignPatternsDemoUITests.xctest */ = {isa = PBXFileReference; explicitFileType = wrapper.cfbundle; includeInIndex = 0; path = DesignPatternsDemoUITests.xctest; sourceTree = BUILT_PRODUCTS_DIR; };
		9C87DF6B1F9DDB48002ECEDC /* DesignPatternsDemoUITests.m */ = {isa = PBXFileReference; lastKnownFileType = sourcecode.c.objc; path = DesignPatternsDemoUITests.m; sourceTree = "<group>"; };
		9C87DF6D1F9DDB48002ECEDC /* Info.plist */ = {isa = PBXFileReference; lastKnownFileType = text.plist.xml; path = Info.plist; sourceTree = "<group>"; };
		AB56F7D145E5B241E5DE55C5 /* Pods-DesignPatternsDemo.release.xcconfig */ = {isa = PBXFileReference; includeInIndex = 1; lastKnownFileType = text.xcconfig; name = "Pods-DesignPatternsDemo.release.xcconfig"; path = "Pods/Target Support Files/Pods-DesignPatternsDemo/Pods-DesignPatternsDemo.release.xcconfig"; sourceTree = "<group>"; };
		FA4DAC6D7EA35C3AE016FFEB /* libPods-DesignPatternsDemoTests.a */ = {isa = PBXFileReference; explicitFileType = archive.ar; includeInIndex = 0; path = "libPods-DesignPatternsDemoTests.a"; sourceTree = BUILT_PRODUCTS_DIR; };
/* End PBXFileReference section */

/* Begin PBXFrameworksBuildPhase section */
		9C87DF411F9DDB47002ECEDC /* Frameworks */ = {
			isa = PBXFrameworksBuildPhase;
			buildActionMask = 2147483647;
			files = (
				9FED222AA059A1057F9AD570 /* libPods-DesignPatternsDemo.a in Frameworks */,
			);
			runOnlyForDeploymentPostprocessing = 0;
		};
		9C87DF591F9DDB47002ECEDC /* Frameworks */ = {
			isa = PBXFrameworksBuildPhase;
			buildActionMask = 2147483647;
			files = (
				847F8720350F5654D51D168D /* libPods-DesignPatternsDemoTests.a in Frameworks */,
			);
			runOnlyForDeploymentPostprocessing = 0;
		};
		9C87DF641F9DDB48002ECEDC /* Frameworks */ = {
			isa = PBXFrameworksBuildPhase;
			buildActionMask = 2147483647;
			files = (
				4A3CF89555089BED46858029 /* libPods-DesignPatternsDemoUITests.a in Frameworks */,
			);
			runOnlyForDeploymentPostprocessing = 0;
		};
/* End PBXFrameworksBuildPhase section */

/* Begin PBXGroup section */
		0837929A8FAA00A35DD8B9DE /* Frameworks */ = {
			isa = PBXGroup;
			children = (
				27B38F68E426FCF1242618AD /* libPods-DesignPatternsDemo.a */,
				FA4DAC6D7EA35C3AE016FFEB /* libPods-DesignPatternsDemoTests.a */,
				532B25C31BFE039DB51B602A /* libPods-DesignPatternsDemoUITests.a */,
			);
			name = Frameworks;
			sourceTree = "<group>";
		};
		1E90EB18388C7B86F535DEAF /* Pods */ = {
			isa = PBXGroup;
			children = (
				759E13EC5BC8DCF076C9665E /* Pods-DesignPatternsDemo.debug.xcconfig */,
				AB56F7D145E5B241E5DE55C5 /* Pods-DesignPatternsDemo.release.xcconfig */,
				6A2A0122C07A06F44C065563 /* Pods-DesignPatternsDemoTests.debug.xcconfig */,
				399E0ACAB3025F00AA5AAD83 /* Pods-DesignPatternsDemoTests.release.xcconfig */,
				776E2196FAA4C17C34673054 /* Pods-DesignPatternsDemoUITests.debug.xcconfig */,
				134AC3A7E4B202BA2AB595FA /* Pods-DesignPatternsDemoUITests.release.xcconfig */,
			);
			name = Pods;
			sourceTree = "<group>";
		};
		9C4698941FB42CA2007E6F69 /* Behavioral Pattern */ = {
			isa = PBXGroup;
			children = (
				9C46989F1FB42F2F007E6F69 /* Strategy Pattern */,
				9C46989E1FB42F15007E6F69 /* Visitor Pattern */,
				9C46989D1FB42F0B007E6F69 /* Template Pattern */,
				9C46989C1FB42EFA007E6F69 /* Memento Pattern */,
				9C4698991FB42D8F007E6F69 /* State Pattern */,
				9C4698981FB42D32007E6F69 /* Observer Pattern */,
				9C4698971FB42D24007E6F69 /* Mediator Pattern */,
				9C4698961FB42D18007E6F69 /* Command Pattern */,
				9C4698951FB42CFC007E6F69 /* Chain of Responsibility Pattern */,
			);
			path = "Behavioral Pattern";
			sourceTree = "<group>";
		};
		9C4698951FB42CFC007E6F69 /* Chain of Responsibility Pattern */ = {
			isa = PBXGroup;
			children = (
			);
			path = "Chain of Responsibility Pattern";
			sourceTree = "<group>";
		};
		9C4698961FB42D18007E6F69 /* Command Pattern */ = {
			isa = PBXGroup;
			children = (
			);
			path = "Command Pattern";
			sourceTree = "<group>";
		};
		9C4698971FB42D24007E6F69 /* Mediator Pattern */ = {
			isa = PBXGroup;
			children = (
			);
			path = "Mediator Pattern";
			sourceTree = "<group>";
		};
		9C4698981FB42D32007E6F69 /* Observer Pattern */ = {
			isa = PBXGroup;
			children = (
			);
			path = "Observer Pattern";
			sourceTree = "<group>";
		};
		9C4698991FB42D8F007E6F69 /* State Pattern */ = {
			isa = PBXGroup;
			children = (
			);
			path = "State Pattern";
			sourceTree = "<group>";
		};
		9C46989A1FB42EAB007E6F69 /* Flyweight Pattern */ = {
			isa = PBXGroup;
			children = (
			);
			path = "Flyweight Pattern";
			sourceTree = "<group>";
		};
		9C46989B1FB42EBB007E6F69 /* Bridge Pattern */ = {
			isa = PBXGroup;
			children = (
			);
			path = "Bridge Pattern";
			sourceTree = "<group>";
		};
		9C46989C1FB42EFA007E6F69 /* Memento Pattern */ = {
			isa = PBXGroup;
			children = (
			);
			path = "Memento Pattern";
			sourceTree = "<group>";
		};
		9C46989D1FB42F0B007E6F69 /* Template Pattern */ = {
			isa = PBXGroup;
			children = (
			);
			path = "Template Pattern";
			sourceTree = "<group>";
		};
		9C46989E1FB42F15007E6F69 /* Visitor Pattern */ = {
			isa = PBXGroup;
			children = (
			);
			path = "Visitor Pattern";
			sourceTree = "<group>";
		};
		9C46989F1FB42F2F007E6F69 /* Strategy Pattern */ = {
			isa = PBXGroup;
			children = (
			);
			path = "Strategy Pattern";
			sourceTree = "<group>";
		};
		9C87DF3B1F9DDB47002ECEDC = {
			isa = PBXGroup;
			children = (
				9C87DF461F9DDB47002ECEDC /* DesignPatternsDemo */,
				9C87DF5F1F9DDB47002ECEDC /* DesignPatternsDemoTests */,
				9C87DF6A1F9DDB48002ECEDC /* DesignPatternsDemoUITests */,
				9C87DF451F9DDB47002ECEDC /* Products */,
				1E90EB18388C7B86F535DEAF /* Pods */,
				0837929A8FAA00A35DD8B9DE /* Frameworks */,
			);
			sourceTree = "<group>";
		};
		9C87DF451F9DDB47002ECEDC /* Products */ = {
			isa = PBXGroup;
			children = (
				9C87DF441F9DDB47002ECEDC /* DesignPatternsDemo.app */,
				9C87DF5C1F9DDB47002ECEDC /* DesignPatternsDemoTests.xctest */,
				9C87DF671F9DDB48002ECEDC /* DesignPatternsDemoUITests.xctest */,
			);
			name = Products;
			sourceTree = "<group>";
		};
		9C87DF461F9DDB47002ECEDC /* DesignPatternsDemo */ = {
			isa = PBXGroup;
			children = (
				9C4698941FB42CA2007E6F69 /* Behavioral Pattern */,
				9CF0C3A71FA1C2B800E79E99 /* Structural Pattern */,
				9C87DF7F1F9DDCC4002ECEDC /* Creational Pattern */,
				9C87DF471F9DDB47002ECEDC /* AppDelegate.h */,
				9C87DF481F9DDB47002ECEDC /* AppDelegate.m */,
				9C87DF4A1F9DDB47002ECEDC /* ViewController.h */,
				9C87DF4B1F9DDB47002ECEDC /* ViewController.m */,
				9C87DF4D1F9DDB47002ECEDC /* Main.storyboard */,
				9C87DF501F9DDB47002ECEDC /* Assets.xcassets */,
				9C87DF521F9DDB47002ECEDC /* LaunchScreen.storyboard */,
				9C87DF551F9DDB47002ECEDC /* Info.plist */,
				9C87DF561F9DDB47002ECEDC /* main.m */,
			);
			path = DesignPatternsDemo;
			sourceTree = "<group>";
		};
		9C87DF5F1F9DDB47002ECEDC /* DesignPatternsDemoTests */ = {
			isa = PBXGroup;
			children = (
				9C87DF601F9DDB47002ECEDC /* DesignPatternsDemoTests.m */,
				9C87DF621F9DDB47002ECEDC /* Info.plist */,
			);
			path = DesignPatternsDemoTests;
			sourceTree = "<group>";
		};
		9C87DF6A1F9DDB48002ECEDC /* DesignPatternsDemoUITests */ = {
			isa = PBXGroup;
			children = (
				9C87DF6B1F9DDB48002ECEDC /* DesignPatternsDemoUITests.m */,
				9C87DF6D1F9DDB48002ECEDC /* Info.plist */,
			);
			path = DesignPatternsDemoUITests;
			sourceTree = "<group>";
		};
		9C87DF791F9DDBFA002ECEDC /* SimpleFactory */ = {
			isa = PBXGroup;
			children = (
				9C4047A81FA02B4300C6AE9B /* README.md */,
			);
			path = SimpleFactory;
			sourceTree = "<group>";
		};
		9C87DF7A1F9DDC2C002ECEDC /* FactoryMethod */ = {
			isa = PBXGroup;
			children = (
			);
			path = FactoryMethod;
			sourceTree = "<group>";
		};
		9C87DF7B1F9DDC44002ECEDC /* AbstractFactory */ = {
			isa = PBXGroup;
			children = (
			);
			path = AbstractFactory;
			sourceTree = "<group>";
		};
		9C87DF7C1F9DDC82002ECEDC /* Singleton */ = {
			isa = PBXGroup;
			children = (
			);
			path = Singleton;
			sourceTree = "<group>";
		};
		9C87DF7D1F9DDC95002ECEDC /* Prototype */ = {
			isa = PBXGroup;
			children = (
			);
			path = Prototype;
			sourceTree = "<group>";
		};
		9C87DF7E1F9DDCA8002ECEDC /* Builder */ = {
			isa = PBXGroup;
			children = (
			);
			path = Builder;
			sourceTree = "<group>";
		};
		9C87DF7F1F9DDCC4002ECEDC /* Creational Pattern */ = {
			isa = PBXGroup;
			children = (
				9C87DF791F9DDBFA002ECEDC /* SimpleFactory */,
				9C87DF7A1F9DDC2C002ECEDC /* FactoryMethod */,
				9C87DF7B1F9DDC44002ECEDC /* AbstractFactory */,
				9C87DF7C1F9DDC82002ECEDC /* Singleton */,
				9C87DF7D1F9DDC95002ECEDC /* Prototype */,
				9C87DF7E1F9DDCA8002ECEDC /* Builder */,
			);
			path = "Creational Pattern";
			sourceTree = "<group>";
		};
		9CF0C3A71FA1C2B800E79E99 /* Structural Pattern */ = {
			isa = PBXGroup;
			children = (
				9C46989B1FB42EBB007E6F69 /* Bridge Pattern */,
				9C46989A1FB42EAB007E6F69 /* Flyweight Pattern */,
				9CF0C3AC1FA1C35300E79E99 /* Proxy Pattern */,
				9CF0C3AB1FA1C33D00E79E99 /* Decorator Pattern */,
				9CF0C3AA1FA1C32C00E79E99 /* Composite Pattern */,
				9CF0C3A91FA1C32000E79E99 /* Adapter Pattern */,
				9CF0C3A81FA1C2FD00E79E99 /* Facade Pattern */,
			);
			path = "Structural Pattern";
			sourceTree = "<group>";
		};
		9CF0C3A81FA1C2FD00E79E99 /* Facade Pattern */ = {
			isa = PBXGroup;
			children = (
				9C4698901FB4294F007E6F69 /* FacadePattern.h */,
				9C4698911FB4294F007E6F69 /* FacadePattern.m */,
			);
			path = "Facade Pattern";
			sourceTree = "<group>";
		};
		9CF0C3A91FA1C32000E79E99 /* Adapter Pattern */ = {
			isa = PBXGroup;
			children = (
			);
			path = "Adapter Pattern";
			sourceTree = "<group>";
		};
		9CF0C3AA1FA1C32C00E79E99 /* Composite Pattern */ = {
			isa = PBXGroup;
			children = (
			);
			path = "Composite Pattern";
			sourceTree = "<group>";
		};
		9CF0C3AB1FA1C33D00E79E99 /* Decorator Pattern */ = {
			isa = PBXGroup;
			children = (
			);
			path = "Decorator Pattern";
			sourceTree = "<group>";
		};
		9CF0C3AC1FA1C35300E79E99 /* Proxy Pattern */ = {
			isa = PBXGroup;
			children = (
			);
			path = "Proxy Pattern";
			sourceTree = "<group>";
		};
/* End PBXGroup section */

/* Begin PBXNativeTarget section */
		9C87DF431F9DDB47002ECEDC /* DesignPatternsDemo */ = {
			isa = PBXNativeTarget;
			buildConfigurationList = 9C87DF701F9DDB48002ECEDC /* Build configuration list for PBXNativeTarget "DesignPatternsDemo" */;
			buildPhases = (
				0059FC2868F45559CB3305C0 /* [CP] Check Pods Manifest.lock */,
				9C87DF401F9DDB47002ECEDC /* Sources */,
				9C87DF411F9DDB47002ECEDC /* Frameworks */,
				9C87DF421F9DDB47002ECEDC /* Resources */,
				3ED7563171AE6E06DBC25968 /* [CP] Embed Pods Frameworks */,
				C1145B591A2E986B07D5FB87 /* [CP] Copy Pods Resources */,
			);
			buildRules = (
			);
			dependencies = (
			);
			name = DesignPatternsDemo;
			productName = DesignPatternsDemo;
			productReference = 9C87DF441F9DDB47002ECEDC /* DesignPatternsDemo.app */;
			productType = "com.apple.product-type.application";
		};
		9C87DF5B1F9DDB47002ECEDC /* DesignPatternsDemoTests */ = {
			isa = PBXNativeTarget;
			buildConfigurationList = 9C87DF731F9DDB48002ECEDC /* Build configuration list for PBXNativeTarget "DesignPatternsDemoTests" */;
			buildPhases = (
				3E1ADCE74F1571B62C059178 /* [CP] Check Pods Manifest.lock */,
				9C87DF581F9DDB47002ECEDC /* Sources */,
				9C87DF591F9DDB47002ECEDC /* Frameworks */,
				9C87DF5A1F9DDB47002ECEDC /* Resources */,
				7BAC8E670E496B31C89F13C4 /* [CP] Embed Pods Frameworks */,
				749A43C1DDF359F3745D1568 /* [CP] Copy Pods Resources */,
			);
			buildRules = (
			);
			dependencies = (
				9C87DF5E1F9DDB47002ECEDC /* PBXTargetDependency */,
			);
			name = DesignPatternsDemoTests;
			productName = DesignPatternsDemoTests;
			productReference = 9C87DF5C1F9DDB47002ECEDC /* DesignPatternsDemoTests.xctest */;
			productType = "com.apple.product-type.bundle.unit-test";
		};
		9C87DF661F9DDB48002ECEDC /* DesignPatternsDemoUITests */ = {
			isa = PBXNativeTarget;
			buildConfigurationList = 9C87DF761F9DDB48002ECEDC /* Build configuration list for PBXNativeTarget "DesignPatternsDemoUITests" */;
			buildPhases = (
				B096367388FD04579F7C526C /* [CP] Check Pods Manifest.lock */,
				9C87DF631F9DDB48002ECEDC /* Sources */,
				9C87DF641F9DDB48002ECEDC /* Frameworks */,
				9C87DF651F9DDB48002ECEDC /* Resources */,
				535708D4EA348A055154AC7B /* [CP] Embed Pods Frameworks */,
				1DB215AC179BFDA41941ACE4 /* [CP] Copy Pods Resources */,
			);
			buildRules = (
			);
			dependencies = (
				9C87DF691F9DDB48002ECEDC /* PBXTargetDependency */,
			);
			name = DesignPatternsDemoUITests;
			productName = DesignPatternsDemoUITests;
			productReference = 9C87DF671F9DDB48002ECEDC /* DesignPatternsDemoUITests.xctest */;
			productType = "com.apple.product-type.bundle.ui-testing";
		};
/* End PBXNativeTarget section */

/* Begin PBXProject section */
		9C87DF3C1F9DDB47002ECEDC /* Project object */ = {
			isa = PBXProject;
			attributes = {
				LastUpgradeCheck = 0900;
				ORGANIZATIONNAME = zpz;
				TargetAttributes = {
					9C87DF431F9DDB47002ECEDC = {
						CreatedOnToolsVersion = 9.0;
						ProvisioningStyle = Automatic;
					};
					9C87DF5B1F9DDB47002ECEDC = {
						CreatedOnToolsVersion = 9.0;
						ProvisioningStyle = Automatic;
						TestTargetID = 9C87DF431F9DDB47002ECEDC;
					};
					9C87DF661F9DDB48002ECEDC = {
						CreatedOnToolsVersion = 9.0;
						ProvisioningStyle = Automatic;
						TestTargetID = 9C87DF431F9DDB47002ECEDC;
					};
				};
			};
			buildConfigurationList = 9C87DF3F1F9DDB47002ECEDC /* Build configuration list for PBXProject "DesignPatternsDemo" */;
			compatibilityVersion = "Xcode 8.0";
			developmentRegion = en;
			hasScannedForEncodings = 0;
			knownRegions = (
				en,
				Base,
			);
			mainGroup = 9C87DF3B1F9DDB47002ECEDC;
			productRefGroup = 9C87DF451F9DDB47002ECEDC /* Products */;
			projectDirPath = "";
			projectRoot = "";
			targets = (
				9C87DF431F9DDB47002ECEDC /* DesignPatternsDemo */,
				9C87DF5B1F9DDB47002ECEDC /* DesignPatternsDemoTests */,
				9C87DF661F9DDB48002ECEDC /* DesignPatternsDemoUITests */,
			);
		};
/* End PBXProject section */

/* Begin PBXResourcesBuildPhase section */
		9C87DF421F9DDB47002ECEDC /* Resources */ = {
			isa = PBXResourcesBuildPhase;
			buildActionMask = 2147483647;
			files = (
				9C87DF541F9DDB47002ECEDC /* LaunchScreen.storyboard in Resources */,
				9C87DF511F9DDB47002ECEDC /* Assets.xcassets in Resources */,
				9C87DF4F1F9DDB47002ECEDC /* Main.storyboard in Resources */,
			);
			runOnlyForDeploymentPostprocessing = 0;
		};
		9C87DF5A1F9DDB47002ECEDC /* Resources */ = {
			isa = PBXResourcesBuildPhase;
			buildActionMask = 2147483647;
			files = (
			);
			runOnlyForDeploymentPostprocessing = 0;
		};
		9C87DF651F9DDB48002ECEDC /* Resources */ = {
			isa = PBXResourcesBuildPhase;
			buildActionMask = 2147483647;
			files = (
			);
			runOnlyForDeploymentPostprocessing = 0;
		};
/* End PBXResourcesBuildPhase section */

/* Begin PBXShellScriptBuildPhase section */
		0059FC2868F45559CB3305C0 /* [CP] Check Pods Manifest.lock */ = {
			isa = PBXShellScriptBuildPhase;
			buildActionMask = 2147483647;
			files = (
			);
			inputPaths = (
				"${PODS_PODFILE_DIR_PATH}/Podfile.lock",
				"${PODS_ROOT}/Manifest.lock",
			);
			name = "[CP] Check Pods Manifest.lock";
			outputPaths = (
				"$(DERIVED_FILE_DIR)/Pods-DesignPatternsDemo-checkManifestLockResult.txt",
			);
			runOnlyForDeploymentPostprocessing = 0;
			shellPath = /bin/sh;
			shellScript = "diff \"${PODS_PODFILE_DIR_PATH}/Podfile.lock\" \"${PODS_ROOT}/Manifest.lock\" > /dev/null\nif [ $? != 0 ] ; then\n    # print error to STDERR\n    echo \"error: The sandbox is not in sync with the Podfile.lock. Run 'pod install' or update your CocoaPods installation.\" >&2\n    exit 1\nfi\n# This output is used by Xcode 'outputs' to avoid re-running this script phase.\necho \"SUCCESS\" > \"${SCRIPT_OUTPUT_FILE_0}\"\n";
			showEnvVarsInLog = 0;
		};
		1DB215AC179BFDA41941ACE4 /* [CP] Copy Pods Resources */ = {
			isa = PBXShellScriptBuildPhase;
			buildActionMask = 2147483647;
			files = (
			);
			inputPaths = (
			);
			name = "[CP] Copy Pods Resources";
			outputPaths = (
			);
			runOnlyForDeploymentPostprocessing = 0;
			shellPath = /bin/sh;
			shellScript = "\"${SRCROOT}/Pods/Target Support Files/Pods-DesignPatternsDemoUITests/Pods-DesignPatternsDemoUITests-resources.sh\"\n";
			showEnvVarsInLog = 0;
		};
		3E1ADCE74F1571B62C059178 /* [CP] Check Pods Manifest.lock */ = {
			isa = PBXShellScriptBuildPhase;
			buildActionMask = 2147483647;
			files = (
			);
			inputPaths = (
				"${PODS_PODFILE_DIR_PATH}/Podfile.lock",
				"${PODS_ROOT}/Manifest.lock",
			);
			name = "[CP] Check Pods Manifest.lock";
			outputPaths = (
				"$(DERIVED_FILE_DIR)/Pods-DesignPatternsDemoTests-checkManifestLockResult.txt",
			);
			runOnlyForDeploymentPostprocessing = 0;
			shellPath = /bin/sh;
			shellScript = "diff \"${PODS_PODFILE_DIR_PATH}/Podfile.lock\" \"${PODS_ROOT}/Manifest.lock\" > /dev/null\nif [ $? != 0 ] ; then\n    # print error to STDERR\n    echo \"error: The sandbox is not in sync with the Podfile.lock. Run 'pod install' or update your CocoaPods installation.\" >&2\n    exit 1\nfi\n# This output is used by Xcode 'outputs' to avoid re-running this script phase.\necho \"SUCCESS\" > \"${SCRIPT_OUTPUT_FILE_0}\"\n";
			showEnvVarsInLog = 0;
		};
		3ED7563171AE6E06DBC25968 /* [CP] Embed Pods Frameworks */ = {
			isa = PBXShellScriptBuildPhase;
			buildActionMask = 2147483647;
			files = (
			);
			inputPaths = (
			);
			name = "[CP] Embed Pods Frameworks";
			outputPaths = (
			);
			runOnlyForDeploymentPostprocessing = 0;
			shellPath = /bin/sh;
			shellScript = "\"${SRCROOT}/Pods/Target Support Files/Pods-DesignPatternsDemo/Pods-DesignPatternsDemo-frameworks.sh\"\n";
			showEnvVarsInLog = 0;
		};
		535708D4EA348A055154AC7B /* [CP] Embed Pods Frameworks */ = {
			isa = PBXShellScriptBuildPhase;
			buildActionMask = 2147483647;
			files = (
			);
			inputPaths = (
			);
			name = "[CP] Embed Pods Frameworks";
			outputPaths = (
			);
			runOnlyForDeploymentPostprocessing = 0;
			shellPath = /bin/sh;
			shellScript = "\"${SRCROOT}/Pods/Target Support Files/Pods-DesignPatternsDemoUITests/Pods-DesignPatternsDemoUITests-frameworks.sh\"\n";
			showEnvVarsInLog = 0;
		};
		749A43C1DDF359F3745D1568 /* [CP] Copy Pods Resources */ = {
			isa = PBXShellScriptBuildPhase;
			buildActionMask = 2147483647;
			files = (
			);
			inputPaths = (
			);
			name = "[CP] Copy Pods Resources";
			outputPaths = (
			);
			runOnlyForDeploymentPostprocessing = 0;
			shellPath = /bin/sh;
			shellScript = "\"${SRCROOT}/Pods/Target Support Files/Pods-DesignPatternsDemoTests/Pods-DesignPatternsDemoTests-resources.sh\"\n";
			showEnvVarsInLog = 0;
		};
		7BAC8E670E496B31C89F13C4 /* [CP] Embed Pods Frameworks */ = {
			isa = PBXShellScriptBuildPhase;
			buildActionMask = 2147483647;
			files = (
			);
			inputPaths = (
			);
			name = "[CP] Embed Pods Frameworks";
			outputPaths = (
			);
			runOnlyForDeploymentPostprocessing = 0;
			shellPath = /bin/sh;
			shellScript = "\"${SRCROOT}/Pods/Target Support Files/Pods-DesignPatternsDemoTests/Pods-DesignPatternsDemoTests-frameworks.sh\"\n";
			showEnvVarsInLog = 0;
		};
		B096367388FD04579F7C526C /* [CP] Check Pods Manifest.lock */ = {
			isa = PBXShellScriptBuildPhase;
			buildActionMask = 2147483647;
			files = (
			);
			inputPaths = (
				"${PODS_PODFILE_DIR_PATH}/Podfile.lock",
				"${PODS_ROOT}/Manifest.lock",
			);
			name = "[CP] Check Pods Manifest.lock";
			outputPaths = (
				"$(DERIVED_FILE_DIR)/Pods-DesignPatternsDemoUITests-checkManifestLockResult.txt",
			);
			runOnlyForDeploymentPostprocessing = 0;
			shellPath = /bin/sh;
			shellScript = "diff \"${PODS_PODFILE_DIR_PATH}/Podfile.lock\" \"${PODS_ROOT}/Manifest.lock\" > /dev/null\nif [ $? != 0 ] ; then\n    # print error to STDERR\n    echo \"error: The sandbox is not in sync with the Podfile.lock. Run 'pod install' or update your CocoaPods installation.\" >&2\n    exit 1\nfi\n# This output is used by Xcode 'outputs' to avoid re-running this script phase.\necho \"SUCCESS\" > \"${SCRIPT_OUTPUT_FILE_0}\"\n";
			showEnvVarsInLog = 0;
		};
		C1145B591A2E986B07D5FB87 /* [CP] Copy Pods Resources */ = {
			isa = PBXShellScriptBuildPhase;
			buildActionMask = 2147483647;
			files = (
			);
			inputPaths = (
			);
			name = "[CP] Copy Pods Resources";
			outputPaths = (
			);
			runOnlyForDeploymentPostprocessing = 0;
			shellPath = /bin/sh;
			shellScript = "\"${SRCROOT}/Pods/Target Support Files/Pods-DesignPatternsDemo/Pods-DesignPatternsDemo-resources.sh\"\n";
			showEnvVarsInLog = 0;
		};
/* End PBXShellScriptBuildPhase section */

/* Begin PBXSourcesBuildPhase section */
		9C87DF401F9DDB47002ECEDC /* Sources */ = {
			isa = PBXSourcesBuildPhase;
			buildActionMask = 2147483647;
			files = (
				9C4698921FB4294F007E6F69 /* FacadePattern.m in Sources */,
				9C87DF4C1F9DDB47002ECEDC /* ViewController.m in Sources */,
				9C87DF571F9DDB47002ECEDC /* main.m in Sources */,
				9C87DF491F9DDB47002ECEDC /* AppDelegate.m in Sources */,
			);
			runOnlyForDeploymentPostprocessing = 0;
		};
		9C87DF581F9DDB47002ECEDC /* Sources */ = {
			isa = PBXSourcesBuildPhase;
			buildActionMask = 2147483647;
			files = (
				9C87DF611F9DDB47002ECEDC /* DesignPatternsDemoTests.m in Sources */,
			);
			runOnlyForDeploymentPostprocessing = 0;
		};
		9C87DF631F9DDB48002ECEDC /* Sources */ = {
			isa = PBXSourcesBuildPhase;
			buildActionMask = 2147483647;
			files = (
				9C87DF6C1F9DDB48002ECEDC /* DesignPatternsDemoUITests.m in Sources */,
			);
			runOnlyForDeploymentPostprocessing = 0;
		};
/* End PBXSourcesBuildPhase section */

/* Begin PBXTargetDependency section */
		9C87DF5E1F9DDB47002ECEDC /* PBXTargetDependency */ = {
			isa = PBXTargetDependency;
			target = 9C87DF431F9DDB47002ECEDC /* DesignPatternsDemo */;
			targetProxy = 9C87DF5D1F9DDB47002ECEDC /* PBXContainerItemProxy */;
		};
		9C87DF691F9DDB48002ECEDC /* PBXTargetDependency */ = {
			isa = PBXTargetDependency;
			target = 9C87DF431F9DDB47002ECEDC /* DesignPatternsDemo */;
			targetProxy = 9C87DF681F9DDB48002ECEDC /* PBXContainerItemProxy */;
		};
/* End PBXTargetDependency section */

/* Begin PBXVariantGroup section */
		9C87DF4D1F9DDB47002ECEDC /* Main.storyboard */ = {
			isa = PBXVariantGroup;
			children = (
				9C87DF4E1F9DDB47002ECEDC /* Base */,
			);
			name = Main.storyboard;
			sourceTree = "<group>";
		};
		9C87DF521F9DDB47002ECEDC /* LaunchScreen.storyboard */ = {
			isa = PBXVariantGroup;
			children = (
				9C87DF531F9DDB47002ECEDC /* Base */,
			);
			name = LaunchScreen.storyboard;
			sourceTree = "<group>";
		};
/* End PBXVariantGroup section */

/* Begin XCBuildConfiguration section */
		9C87DF6E1F9DDB48002ECEDC /* Debug */ = {
			isa = XCBuildConfiguration;
			buildSettings = {
				ALWAYS_SEARCH_USER_PATHS = NO;
				CLANG_ANALYZER_NONNULL = YES;
				CLANG_ANALYZER_NUMBER_OBJECT_CONVERSION = YES_AGGRESSIVE;
				CLANG_CXX_LANGUAGE_STANDARD = "gnu++14";
				CLANG_CXX_LIBRARY = "libc++";
				CLANG_ENABLE_MODULES = YES;
				CLANG_ENABLE_OBJC_ARC = YES;
				CLANG_WARN_BLOCK_CAPTURE_AUTORELEASING = YES;
				CLANG_WARN_BOOL_CONVERSION = YES;
				CLANG_WARN_COMMA = YES;
				CLANG_WARN_CONSTANT_CONVERSION = YES;
				CLANG_WARN_DIRECT_OBJC_ISA_USAGE = YES_ERROR;
				CLANG_WARN_DOCUMENTATION_COMMENTS = YES;
				CLANG_WARN_EMPTY_BODY = YES;
				CLANG_WARN_ENUM_CONVERSION = YES;
				CLANG_WARN_INFINITE_RECURSION = YES;
				CLANG_WARN_INT_CONVERSION = YES;
				CLANG_WARN_NON_LITERAL_NULL_CONVERSION = YES;
				CLANG_WARN_OBJC_LITERAL_CONVERSION = YES;
				CLANG_WARN_OBJC_ROOT_CLASS = YES_ERROR;
				CLANG_WARN_RANGE_LOOP_ANALYSIS = YES;
				CLANG_WARN_STRICT_PROTOTYPES = YES;
				CLANG_WARN_SUSPICIOUS_MOVE = YES;
				CLANG_WARN_UNGUARDED_AVAILABILITY = YES_AGGRESSIVE;
				CLANG_WARN_UNREACHABLE_CODE = YES;
				CLANG_WARN__DUPLICATE_METHOD_MATCH = YES;
				CODE_SIGN_IDENTITY = "iPhone Developer";
				COPY_PHASE_STRIP = NO;
				DEBUG_INFORMATION_FORMAT = dwarf;
				ENABLE_STRICT_OBJC_MSGSEND = YES;
				ENABLE_TESTABILITY = YES;
				GCC_C_LANGUAGE_STANDARD = gnu11;
				GCC_DYNAMIC_NO_PIC = NO;
				GCC_NO_COMMON_BLOCKS = YES;
				GCC_OPTIMIZATION_LEVEL = 0;
				GCC_PREPROCESSOR_DEFINITIONS = (
					"DEBUG=1",
					"$(inherited)",
				);
				GCC_WARN_64_TO_32_BIT_CONVERSION = YES;
				GCC_WARN_ABOUT_RETURN_TYPE = YES_ERROR;
				GCC_WARN_UNDECLARED_SELECTOR = YES;
				GCC_WARN_UNINITIALIZED_AUTOS = YES_AGGRESSIVE;
				GCC_WARN_UNUSED_FUNCTION = YES;
				GCC_WARN_UNUSED_VARIABLE = YES;
				IPHONEOS_DEPLOYMENT_TARGET = 11.0;
				MTL_ENABLE_DEBUG_INFO = YES;
				ONLY_ACTIVE_ARCH = YES;
				SDKROOT = iphoneos;
			};
			name = Debug;
		};
		9C87DF6F1F9DDB48002ECEDC /* Release */ = {
			isa = XCBuildConfiguration;
			buildSettings = {
				ALWAYS_SEARCH_USER_PATHS = NO;
				CLANG_ANALYZER_NONNULL = YES;
				CLANG_ANALYZER_NUMBER_OBJECT_CONVERSION = YES_AGGRESSIVE;
				CLANG_CXX_LANGUAGE_STANDARD = "gnu++14";
				CLANG_CXX_LIBRARY = "libc++";
				CLANG_ENABLE_MODULES = YES;
				CLANG_ENABLE_OBJC_ARC = YES;
				CLANG_WARN_BLOCK_CAPTURE_AUTORELEASING = YES;
				CLANG_WARN_BOOL_CONVERSION = YES;
				CLANG_WARN_COMMA = YES;
				CLANG_WARN_CONSTANT_CONVERSION = YES;
				CLANG_WARN_DIRECT_OBJC_ISA_USAGE = YES_ERROR;
				CLANG_WARN_DOCUMENTATION_COMMENTS = YES;
				CLANG_WARN_EMPTY_BODY = YES;
				CLANG_WARN_ENUM_CONVERSION = YES;
				CLANG_WARN_INFINITE_RECURSION = YES;
				CLANG_WARN_INT_CONVERSION = YES;
				CLANG_WARN_NON_LITERAL_NULL_CONVERSION = YES;
				CLANG_WARN_OBJC_LITERAL_CONVERSION = YES;
				CLANG_WARN_OBJC_ROOT_CLASS = YES_ERROR;
				CLANG_WARN_RANGE_LOOP_ANALYSIS = YES;
				CLANG_WARN_STRICT_PROTOTYPES = YES;
				CLANG_WARN_SUSPICIOUS_MOVE = YES;
				CLANG_WARN_UNGUARDED_AVAILABILITY = YES_AGGRESSIVE;
				CLANG_WARN_UNREACHABLE_CODE = YES;
				CLANG_WARN__DUPLICATE_METHOD_MATCH = YES;
				CODE_SIGN_IDENTITY = "iPhone Developer";
				COPY_PHASE_STRIP = NO;
				DEBUG_INFORMATION_FORMAT = "dwarf-with-dsym";
				ENABLE_NS_ASSERTIONS = NO;
				ENABLE_STRICT_OBJC_MSGSEND = YES;
				GCC_C_LANGUAGE_STANDARD = gnu11;
				GCC_NO_COMMON_BLOCKS = YES;
				GCC_WARN_64_TO_32_BIT_CONVERSION = YES;
				GCC_WARN_ABOUT_RETURN_TYPE = YES_ERROR;
				GCC_WARN_UNDECLARED_SELECTOR = YES;
				GCC_WARN_UNINITIALIZED_AUTOS = YES_AGGRESSIVE;
				GCC_WARN_UNUSED_FUNCTION = YES;
				GCC_WARN_UNUSED_VARIABLE = YES;
				IPHONEOS_DEPLOYMENT_TARGET = 11.0;
				MTL_ENABLE_DEBUG_INFO = NO;
				SDKROOT = iphoneos;
				VALIDATE_PRODUCT = YES;
			};
			name = Release;
		};
		9C87DF711F9DDB48002ECEDC /* Debug */ = {
			isa = XCBuildConfiguration;
			baseConfigurationReference = 759E13EC5BC8DCF076C9665E /* Pods-DesignPatternsDemo.debug.xcconfig */;
			buildSettings = {
				ASSETCATALOG_COMPILER_APPICON_NAME = AppIcon;
				CODE_SIGN_STYLE = Automatic;
				INFOPLIST_FILE = DesignPatternsDemo/Info.plist;
				IPHONEOS_DEPLOYMENT_TARGET = 9.0;
				LD_RUNPATH_SEARCH_PATHS = "$(inherited) @executable_path/Frameworks";
				PRODUCT_BUNDLE_IDENTIFIER = zhiqiantong.DesignPatternsDemo;
				PRODUCT_NAME = "$(TARGET_NAME)";
				TARGETED_DEVICE_FAMILY = "1,2";
			};
			name = Debug;
		};
		9C87DF721F9DDB48002ECEDC /* Release */ = {
			isa = XCBuildConfiguration;
			baseConfigurationReference = AB56F7D145E5B241E5DE55C5 /* Pods-DesignPatternsDemo.release.xcconfig */;
			buildSettings = {
				ASSETCATALOG_COMPILER_APPICON_NAME = AppIcon;
				CODE_SIGN_STYLE = Automatic;
				INFOPLIST_FILE = DesignPatternsDemo/Info.plist;
				IPHONEOS_DEPLOYMENT_TARGET = 9.0;
				LD_RUNPATH_SEARCH_PATHS = "$(inherited) @executable_path/Frameworks";
				PRODUCT_BUNDLE_IDENTIFIER = zhiqiantong.DesignPatternsDemo;
				PRODUCT_NAME = "$(TARGET_NAME)";
				TARGETED_DEVICE_FAMILY = "1,2";
			};
			name = Release;
		};
		9C87DF741F9DDB48002ECEDC /* Debug */ = {
			isa = XCBuildConfiguration;
			baseConfigurationReference = 6A2A0122C07A06F44C065563 /* Pods-DesignPatternsDemoTests.debug.xcconfig */;
			buildSettings = {
				BUNDLE_LOADER = "$(TEST_HOST)";
				CODE_SIGN_STYLE = Automatic;
				INFOPLIST_FILE = DesignPatternsDemoTests/Info.plist;
				LD_RUNPATH_SEARCH_PATHS = "$(inherited) @executable_path/Frameworks @loader_path/Frameworks";
				PRODUCT_BUNDLE_IDENTIFIER = zhiqiantong.DesignPatternsDemoTests;
				PRODUCT_NAME = "$(TARGET_NAME)";
				TARGETED_DEVICE_FAMILY = "1,2";
				TEST_HOST = "$(BUILT_PRODUCTS_DIR)/DesignPatternsDemo.app/DesignPatternsDemo";
			};
			name = Debug;
		};
		9C87DF751F9DDB48002ECEDC /* Release */ = {
			isa = XCBuildConfiguration;
			baseConfigurationReference = 399E0ACAB3025F00AA5AAD83 /* Pods-DesignPatternsDemoTests.release.xcconfig */;
			buildSettings = {
				BUNDLE_LOADER = "$(TEST_HOST)";
				CODE_SIGN_STYLE = Automatic;
				INFOPLIST_FILE = DesignPatternsDemoTests/Info.plist;
				LD_RUNPATH_SEARCH_PATHS = "$(inherited) @executable_path/Frameworks @loader_path/Frameworks";
				PRODUCT_BUNDLE_IDENTIFIER = zhiqiantong.DesignPatternsDemoTests;
				PRODUCT_NAME = "$(TARGET_NAME)";
				TARGETED_DEVICE_FAMILY = "1,2";
				TEST_HOST = "$(BUILT_PRODUCTS_DIR)/DesignPatternsDemo.app/DesignPatternsDemo";
			};
			name = Release;
		};
		9C87DF771F9DDB48002ECEDC /* Debug */ = {
			isa = XCBuildConfiguration;
			baseConfigurationReference = 776E2196FAA4C17C34673054 /* Pods-DesignPatternsDemoUITests.debug.xcconfig */;
			buildSettings = {
				CODE_SIGN_STYLE = Automatic;
				INFOPLIST_FILE = DesignPatternsDemoUITests/Info.plist;
				LD_RUNPATH_SEARCH_PATHS = "$(inherited) @executable_path/Frameworks @loader_path/Frameworks";
				PRODUCT_BUNDLE_IDENTIFIER = zhiqiantong.DesignPatternsDemoUITests;
				PRODUCT_NAME = "$(TARGET_NAME)";
				TARGETED_DEVICE_FAMILY = "1,2";
				TEST_TARGET_NAME = DesignPatternsDemo;
			};
			name = Debug;
		};
		9C87DF781F9DDB48002ECEDC /* Release */ = {
			isa = XCBuildConfiguration;
			baseConfigurationReference = 134AC3A7E4B202BA2AB595FA /* Pods-DesignPatternsDemoUITests.release.xcconfig */;
			buildSettings = {
				CODE_SIGN_STYLE = Automatic;
				INFOPLIST_FILE = DesignPatternsDemoUITests/Info.plist;
				LD_RUNPATH_SEARCH_PATHS = "$(inherited) @executable_path/Frameworks @loader_path/Frameworks";
				PRODUCT_BUNDLE_IDENTIFIER = zhiqiantong.DesignPatternsDemoUITests;
				PRODUCT_NAME = "$(TARGET_NAME)";
				TARGETED_DEVICE_FAMILY = "1,2";
				TEST_TARGET_NAME = DesignPatternsDemo;
			};
			name = Release;
		};
/* End XCBuildConfiguration section */

/* Begin XCConfigurationList section */
		9C87DF3F1F9DDB47002ECEDC /* Build configuration list for PBXProject "DesignPatternsDemo" */ = {
			isa = XCConfigurationList;
			buildConfigurations = (
				9C87DF6E1F9DDB48002ECEDC /* Debug */,
				9C87DF6F1F9DDB48002ECEDC /* Release */,
			);
			defaultConfigurationIsVisible = 0;
			defaultConfigurationName = Release;
		};
		9C87DF701F9DDB48002ECEDC /* Build configuration list for PBXNativeTarget "DesignPatternsDemo" */ = {
			isa = XCConfigurationList;
			buildConfigurations = (
				9C87DF711F9DDB48002ECEDC /* Debug */,
				9C87DF721F9DDB48002ECEDC /* Release */,
			);
			defaultConfigurationIsVisible = 0;
			defaultConfigurationName = Release;
		};
		9C87DF731F9DDB48002ECEDC /* Build configuration list for PBXNativeTarget "DesignPatternsDemoTests" */ = {
			isa = XCConfigurationList;
			buildConfigurations = (
				9C87DF741F9DDB48002ECEDC /* Debug */,
				9C87DF751F9DDB48002ECEDC /* Release */,
			);
			defaultConfigurationIsVisible = 0;
			defaultConfigurationName = Release;
		};
		9C87DF761F9DDB48002ECEDC /* Build configuration list for PBXNativeTarget "DesignPatternsDemoUITests" */ = {
			isa = XCConfigurationList;
			buildConfigurations = (
				9C87DF771F9DDB48002ECEDC /* Debug */,
				9C87DF781F9DDB48002ECEDC /* Release */,
			);
			defaultConfigurationIsVisible = 0;
			defaultConfigurationName = Release;
		};
/* End XCConfigurationList section */
	};
	rootObject = 9C87DF3C1F9DDB47002ECEDC /* Project object */;
}
