// !$*UTF8*$!
{
	archiveVersion = 1;
	classes = {
	};
	objectVersion = 50;
	objects = {

/* Begin PBXBuildFile section */
		9C45E92B2265B1DA00A98F89 /* PLPerson.m in Sources */ = {isa = PBXBuildFile; fileRef = 9C45E92A2265B1DA00A98F89 /* PLPerson.m */; };
		9C7F3F9A2264154E006FAC85 /* AppDelegate.m in Sources */ = {isa = PBXBuildFile; fileRef = 9C7F3F992264154E006FAC85 /* AppDelegate.m */; };
		9C7F3F9D2264154E006FAC85 /* ViewController.m in Sources */ = {isa = PBXBuildFile; fileRef = 9C7F3F9C2264154E006FAC85 /* ViewController.m */; };
		9C7F3FA02264154E006FAC85 /* Main.storyboard in Resources */ = {isa = PBXBuildFile; fileRef = 9C7F3F9E2264154E006FAC85 /* Main.storyboard */; };
		9C7F3FA222641550006FAC85 /* Assets.xcassets in Resources */ = {isa = PBXBuildFile; fileRef = 9C7F3FA122641550006FAC85 /* Assets.xcassets */; };
		9C7F3FA522641550006FAC85 /* LaunchScreen.storyboard in Resources */ = {isa = PBXBuildFile; fileRef = 9C7F3FA322641550006FAC85 /* LaunchScreen.storyboard */; };
		9C7F3FA822641550006FAC85 /* main.m in Sources */ = {isa = PBXBuildFile; fileRef = 9C7F3FA722641550006FAC85 /* main.m */; };
		9C7F3FB222641550006FAC85 /* RuntimeDemoTests.m in Sources */ = {isa = PBXBuildFile; fileRef = 9C7F3FB122641550006FAC85 /* RuntimeDemoTests.m */; };
		9C7F3FBD22641550006FAC85 /* RuntimeDemoUITests.m in Sources */ = {isa = PBXBuildFile; fileRef = 9C7F3FBC22641550006FAC85 /* RuntimeDemoUITests.m */; };
		9C9F69662265D10700F0AFFA /* 屏幕快照 2019-04-16 16.59.15.png in Resources */ = {isa = PBXBuildFile; fileRef = 9C9F69652265D10700F0AFFA /* 屏幕快照 2019-04-16 16.59.15.png */; };
		9C9F69682265D16500F0AFFA /* 屏幕快照 2019-04-16 17.01.00.png in Resources */ = {isa = PBXBuildFile; fileRef = 9C9F69672265D16500F0AFFA /* 屏幕快照 2019-04-16 17.01.00.png */; };
		9C9F696A2265D17100F0AFFA /* 屏幕快照 2019-04-16 17.01.11.png in Resources */ = {isa = PBXBuildFile; fileRef = 9C9F69692265D17100F0AFFA /* 屏幕快照 2019-04-16 17.01.11.png */; };
/* End PBXBuildFile section */

/* Begin PBXContainerItemProxy section */
		9C7F3FAE22641550006FAC85 /* PBXContainerItemProxy */ = {
			isa = PBXContainerItemProxy;
			containerPortal = 9C7F3F8D2264154E006FAC85 /* Project object */;
			proxyType = 1;
			remoteGlobalIDString = 9C7F3F942264154E006FAC85;
			remoteInfo = RuntimeDemo;
		};
		9C7F3FB922641550006FAC85 /* PBXContainerItemProxy */ = {
			isa = PBXContainerItemProxy;
			containerPortal = 9C7F3F8D2264154E006FAC85 /* Project object */;
			proxyType = 1;
			remoteGlobalIDString = 9C7F3F942264154E006FAC85;
			remoteInfo = RuntimeDemo;
		};
		9C7F40C422647073006FAC85 /* PBXContainerItemProxy */ = {
			isa = PBXContainerItemProxy;
			containerPortal = 9C7F40BA22647073006FAC85 /* objc.xcodeproj */;
			proxyType = 2;
			remoteGlobalIDString = D2AAC0630554660B00DB518D;
			remoteInfo = objc;
		};
/* End PBXContainerItemProxy section */

/* Begin PBXFileReference section */
		9C45E9292265B1DA00A98F89 /* PLPerson.h */ = {isa = PBXFileReference; lastKnownFileType = sourcecode.c.h; path = PLPerson.h; sourceTree = "<group>"; };
		9C45E92A2265B1DA00A98F89 /* PLPerson.m */ = {isa = PBXFileReference; lastKnownFileType = sourcecode.c.objc; path = PLPerson.m; sourceTree = "<group>"; };
		9C7F3F952264154E006FAC85 /* RuntimeDemo.app */ = {isa = PBXFileReference; explicitFileType = wrapper.application; includeInIndex = 0; path = RuntimeDemo.app; sourceTree = BUILT_PRODUCTS_DIR; };
		9C7F3F982264154E006FAC85 /* AppDelegate.h */ = {isa = PBXFileReference; lastKnownFileType = sourcecode.c.h; path = AppDelegate.h; sourceTree = "<group>"; };
		9C7F3F992264154E006FAC85 /* AppDelegate.m */ = {isa = PBXFileReference; lastKnownFileType = sourcecode.c.objc; path = AppDelegate.m; sourceTree = "<group>"; };
		9C7F3F9B2264154E006FAC85 /* ViewController.h */ = {isa = PBXFileReference; lastKnownFileType = sourcecode.c.h; path = ViewController.h; sourceTree = "<group>"; };
		9C7F3F9C2264154E006FAC85 /* ViewController.m */ = {isa = PBXFileReference; lastKnownFileType = sourcecode.c.objc; path = ViewController.m; sourceTree = "<group>"; };
		9C7F3F9F2264154E006FAC85 /* Base */ = {isa = PBXFileReference; lastKnownFileType = file.storyboard; name = Base; path = Base.lproj/Main.storyboard; sourceTree = "<group>"; };
		9C7F3FA122641550006FAC85 /* Assets.xcassets */ = {isa = PBXFileReference; lastKnownFileType = folder.assetcatalog; path = Assets.xcassets; sourceTree = "<group>"; };
		9C7F3FA422641550006FAC85 /* Base */ = {isa = PBXFileReference; lastKnownFileType = file.storyboard; name = Base; path = Base.lproj/LaunchScreen.storyboard; sourceTree = "<group>"; };
		9C7F3FA622641550006FAC85 /* Info.plist */ = {isa = PBXFileReference; lastKnownFileType = text.plist.xml; path = Info.plist; sourceTree = "<group>"; };
		9C7F3FA722641550006FAC85 /* main.m */ = {isa = PBXFileReference; lastKnownFileType = sourcecode.c.objc; path = main.m; sourceTree = "<group>"; };
		9C7F3FAD22641550006FAC85 /* RuntimeDemoTests.xctest */ = {isa = PBXFileReference; explicitFileType = wrapper.cfbundle; includeInIndex = 0; path = RuntimeDemoTests.xctest; sourceTree = BUILT_PRODUCTS_DIR; };
		9C7F3FB122641550006FAC85 /* RuntimeDemoTests.m */ = {isa = PBXFileReference; lastKnownFileType = sourcecode.c.objc; path = RuntimeDemoTests.m; sourceTree = "<group>"; };
		9C7F3FB322641550006FAC85 /* Info.plist */ = {isa = PBXFileReference; lastKnownFileType = text.plist.xml; path = Info.plist; sourceTree = "<group>"; };
		9C7F3FB822641550006FAC85 /* RuntimeDemoUITests.xctest */ = {isa = PBXFileReference; explicitFileType = wrapper.cfbundle; includeInIndex = 0; path = RuntimeDemoUITests.xctest; sourceTree = BUILT_PRODUCTS_DIR; };
		9C7F3FBC22641550006FAC85 /* RuntimeDemoUITests.m */ = {isa = PBXFileReference; lastKnownFileType = sourcecode.c.objc; path = RuntimeDemoUITests.m; sourceTree = "<group>"; };
		9C7F3FBE22641550006FAC85 /* Info.plist */ = {isa = PBXFileReference; lastKnownFileType = text.plist.xml; path = Info.plist; sourceTree = "<group>"; };
		9C7F404922647072006FAC85 /* version.bat */ = {isa = PBXFileReference; lastKnownFileType = text; path = version.bat; sourceTree = "<group>"; };
		9C7F404B22647072006FAC85 /* objcrt.vcproj */ = {isa = PBXFileReference; lastKnownFileType = text.xml; path = objcrt.vcproj; sourceTree = "<group>"; };
		9C7F404C22647072006FAC85 /* libobjc.order */ = {isa = PBXFileReference; lastKnownFileType = text; path = libobjc.order; sourceTree = "<group>"; };
		9C7F404D22647072006FAC85 /* APPLE_LICENSE */ = {isa = PBXFileReference; lastKnownFileType = text; path = APPLE_LICENSE; sourceTree = "<group>"; };
		9C7F404E22647072006FAC85 /* prebuild.bat */ = {isa = PBXFileReference; lastKnownFileType = text; path = prebuild.bat; sourceTree = "<group>"; };
		9C7F404F22647072006FAC85 /* objc.suo */ = {isa = PBXFileReference; lastKnownFileType = file; path = objc.suo; sourceTree = "<group>"; };
		9C7F405022647072006FAC85 /* unexported_symbols */ = {isa = PBXFileReference; lastKnownFileType = text; path = unexported_symbols; sourceTree = "<group>"; };
		9C7F405122647072006FAC85 /* ReleaseNotes.rtf */ = {isa = PBXFileReference; lastKnownFileType = text.rtf; path = ReleaseNotes.rtf; sourceTree = "<group>"; };
		9C7F405322647072006FAC85 /* Protocol.h */ = {isa = PBXFileReference; lastKnownFileType = sourcecode.c.h; path = Protocol.h; sourceTree = "<group>"; };
		9C7F405422647072006FAC85 /* objc-file.mm */ = {isa = PBXFileReference; lastKnownFileType = sourcecode.cpp.objcpp; path = "objc-file.mm"; sourceTree = "<group>"; };
		9C7F405522647072006FAC85 /* objc-errors.mm */ = {isa = PBXFileReference; lastKnownFileType = sourcecode.cpp.objcpp; path = "objc-errors.mm"; sourceTree = "<group>"; };
		9C7F405622647072006FAC85 /* objc-config.h */ = {isa = PBXFileReference; lastKnownFileType = sourcecode.c.h; path = "objc-config.h"; sourceTree = "<group>"; };
		9C7F405722647072006FAC85 /* objc-private.h */ = {isa = PBXFileReference; lastKnownFileType = sourcecode.c.h; path = "objc-private.h"; sourceTree = "<group>"; };
		9C7F405922647072006FAC85 /* objc-msg-arm.s */ = {isa = PBXFileReference; lastKnownFileType = sourcecode.asm; path = "objc-msg-arm.s"; sourceTree = "<group>"; };
		9C7F405A22647072006FAC85 /* objc-msg-simulator-i386.s */ = {isa = PBXFileReference; lastKnownFileType = sourcecode.asm; path = "objc-msg-simulator-i386.s"; sourceTree = "<group>"; };
		9C7F405B22647072006FAC85 /* objc-msg-i386.s */ = {isa = PBXFileReference; lastKnownFileType = sourcecode.asm; path = "objc-msg-i386.s"; sourceTree = "<group>"; };
		9C7F405C22647072006FAC85 /* objc-msg-x86_64.s */ = {isa = PBXFileReference; lastKnownFileType = sourcecode.asm; path = "objc-msg-x86_64.s"; sourceTree = "<group>"; };
		9C7F405D22647072006FAC85 /* objc-msg-simulator-x86_64.s */ = {isa = PBXFileReference; lastKnownFileType = sourcecode.asm; path = "objc-msg-simulator-x86_64.s"; sourceTree = "<group>"; };
		9C7F405E22647072006FAC85 /* objc-msg-win32.m */ = {isa = PBXFileReference; lastKnownFileType = sourcecode.c.objc; path = "objc-msg-win32.m"; sourceTree = "<group>"; };
		9C7F405F22647072006FAC85 /* objc-msg-arm64.s */ = {isa = PBXFileReference; lastKnownFileType = sourcecode.asm; path = "objc-msg-arm64.s"; sourceTree = "<group>"; };
		9C7F406022647072006FAC85 /* llvm-DenseMapInfo.h */ = {isa = PBXFileReference; lastKnownFileType = sourcecode.c.h; path = "llvm-DenseMapInfo.h"; sourceTree = "<group>"; };
		9C7F406122647072006FAC85 /* objc-class.mm */ = {isa = PBXFileReference; lastKnownFileType = sourcecode.cpp.objcpp; path = "objc-class.mm"; sourceTree = "<group>"; };
		9C7F406222647072006FAC85 /* a1a2-blocktramps-x86_64.s */ = {isa = PBXFileReference; lastKnownFileType = sourcecode.asm; path = "a1a2-blocktramps-x86_64.s"; sourceTree = "<group>"; };
		9C7F406322647072006FAC85 /* objc-runtime-new.mm */ = {isa = PBXFileReference; lastKnownFileType = sourcecode.cpp.objcpp; path = "objc-runtime-new.mm"; sourceTree = "<group>"; };
		9C7F406422647072006FAC85 /* objc-file-old.mm */ = {isa = PBXFileReference; lastKnownFileType = sourcecode.cpp.objcpp; path = "objc-file-old.mm"; sourceTree = "<group>"; };
		9C7F406522647072006FAC85 /* a1a2-blocktramps-i386.s */ = {isa = PBXFileReference; lastKnownFileType = sourcecode.asm; path = "a1a2-blocktramps-i386.s"; sourceTree = "<group>"; };
		9C7F406622647072006FAC85 /* objc-sel-table.s */ = {isa = PBXFileReference; lastKnownFileType = sourcecode.asm; path = "objc-sel-table.s"; sourceTree = "<group>"; };
		9C7F406722647072006FAC85 /* objc-locks-new.h */ = {isa = PBXFileReference; lastKnownFileType = sourcecode.c.h; path = "objc-locks-new.h"; sourceTree = "<group>"; };
		9C7F406822647072006FAC85 /* objc-os.h */ = {isa = PBXFileReference; lastKnownFileType = sourcecode.c.h; path = "objc-os.h"; sourceTree = "<group>"; };
		9C7F406922647072006FAC85 /* objc-exception.h */ = {isa = PBXFileReference; lastKnownFileType = sourcecode.c.h; path = "objc-exception.h"; sourceTree = "<group>"; };
		9C7F406A22647072006FAC85 /* NSObjCRuntime.h */ = {isa = PBXFileReference; lastKnownFileType = sourcecode.c.h; path = NSObjCRuntime.h; sourceTree = "<group>"; };
		9C7F406B22647072006FAC85 /* objc-cache-old.h */ = {isa = PBXFileReference; lastKnownFileType = sourcecode.c.h; path = "objc-cache-old.h"; sourceTree = "<group>"; };
		9C7F406C22647072006FAC85 /* a2a3-blocktramps-i386.s */ = {isa = PBXFileReference; lastKnownFileType = sourcecode.asm; path = "a2a3-blocktramps-i386.s"; sourceTree = "<group>"; };
		9C7F406D22647072006FAC85 /* NSObject.mm */ = {isa = PBXFileReference; lastKnownFileType = sourcecode.cpp.objcpp; path = NSObject.mm; sourceTree = "<group>"; };
		9C7F406E22647072006FAC85 /* objcrt.h */ = {isa = PBXFileReference; lastKnownFileType = sourcecode.c.h; path = objcrt.h; sourceTree = "<group>"; };
		9C7F406F22647072006FAC85 /* objc-references.mm */ = {isa = PBXFileReference; lastKnownFileType = sourcecode.cpp.objcpp; path = "objc-references.mm"; sourceTree = "<group>"; };
		9C7F407022647072006FAC85 /* objc-sel-set.mm */ = {isa = PBXFileReference; lastKnownFileType = sourcecode.cpp.objcpp; path = "objc-sel-set.mm"; sourceTree = "<group>"; };
		9C7F407122647072006FAC85 /* objc-sync.h */ = {isa = PBXFileReference; lastKnownFileType = sourcecode.c.h; path = "objc-sync.h"; sourceTree = "<group>"; };
		9C7F407222647072006FAC85 /* hashtable.h */ = {isa = PBXFileReference; lastKnownFileType = sourcecode.c.h; path = hashtable.h; sourceTree = "<group>"; };
		9C7F407322647072006FAC85 /* objc-initialize.mm */ = {isa = PBXFileReference; lastKnownFileType = sourcecode.cpp.objcpp; path = "objc-initialize.mm"; sourceTree = "<group>"; };
		9C7F407422647072006FAC85 /* a2a3-blocktramps-x86_64.s */ = {isa = PBXFileReference; lastKnownFileType = sourcecode.asm; path = "a2a3-blocktramps-x86_64.s"; sourceTree = "<group>"; };
		9C7F407522647072006FAC85 /* objc-load.mm */ = {isa = PBXFileReference; lastKnownFileType = sourcecode.cpp.objcpp; path = "objc-load.mm"; sourceTree = "<group>"; };
		9C7F407622647072006FAC85 /* objc-lockdebug.h */ = {isa = PBXFileReference; lastKnownFileType = sourcecode.c.h; path = "objc-lockdebug.h"; sourceTree = "<group>"; };
		9C7F407722647072006FAC85 /* objc-load.h */ = {isa = PBXFileReference; lastKnownFileType = sourcecode.c.h; path = "objc-load.h"; sourceTree = "<group>"; };
		9C7F407922647072006FAC85 /* ObjectiveC.apinotes */ = {isa = PBXFileReference; lastKnownFileType = text; path = ObjectiveC.apinotes; sourceTree = "<group>"; };
		9C7F407A22647072006FAC85 /* module.modulemap */ = {isa = PBXFileReference; lastKnownFileType = "sourcecode.module-map"; path = module.modulemap; sourceTree = "<group>"; };
		9C7F407B22647072006FAC85 /* llvm-type_traits.h */ = {isa = PBXFileReference; lastKnownFileType = sourcecode.c.h; path = "llvm-type_traits.h"; sourceTree = "<group>"; };
		9C7F407D22647072006FAC85 /* List.m */ = {isa = PBXFileReference; lastKnownFileType = sourcecode.c.objc; path = List.m; sourceTree = "<group>"; };
		9C7F407E22647072006FAC85 /* List.h */ = {isa = PBXFileReference; lastKnownFileType = sourcecode.c.h; path = List.h; sourceTree = "<group>"; };
		9C7F407F22647072006FAC85 /* objc-block-trampolines.mm */ = {isa = PBXFileReference; lastKnownFileType = sourcecode.cpp.objcpp; path = "objc-block-trampolines.mm"; sourceTree = "<group>"; };
		9C7F408022647072006FAC85 /* objc-loadmethod.mm */ = {isa = PBXFileReference; lastKnownFileType = sourcecode.cpp.objcpp; path = "objc-loadmethod.mm"; sourceTree = "<group>"; };
		9C7F408122647072006FAC85 /* objc-runtime.mm */ = {isa = PBXFileReference; lastKnownFileType = sourcecode.cpp.objcpp; path = "objc-runtime.mm"; sourceTree = "<group>"; };
		9C7F408222647072006FAC85 /* objc-file.h */ = {isa = PBXFileReference; lastKnownFileType = sourcecode.c.h; path = "objc-file.h"; sourceTree = "<group>"; };
		9C7F408322647072006FAC85 /* objc-probes.d */ = {isa = PBXFileReference; lastKnownFileType = sourcecode.dtrace; path = "objc-probes.d"; sourceTree = "<group>"; };
		9C7F408422647073006FAC85 /* objc-class-old.mm */ = {isa = PBXFileReference; lastKnownFileType = sourcecode.cpp.objcpp; path = "objc-class-old.mm"; sourceTree = "<group>"; };
		9C7F408522647073006FAC85 /* message.h */ = {isa = PBXFileReference; lastKnownFileType = sourcecode.c.h; path = message.h; sourceTree = "<group>"; };
		9C7F408622647073006FAC85 /* objc-cache.h */ = {isa = PBXFileReference; lastKnownFileType = sourcecode.c.h; path = "objc-cache.h"; sourceTree = "<group>"; };
		9C7F408722647073006FAC85 /* objc-weak.mm */ = {isa = PBXFileReference; lastKnownFileType = sourcecode.cpp.objcpp; path = "objc-weak.mm"; sourceTree = "<group>"; };
		9C7F408822647073006FAC85 /* objc-env.h */ = {isa = PBXFileReference; lastKnownFileType = sourcecode.c.h; path = "objc-env.h"; sourceTree = "<group>"; };
		9C7F408922647073006FAC85 /* maptable.mm */ = {isa = PBXFileReference; lastKnownFileType = sourcecode.cpp.objcpp; path = maptable.mm; sourceTree = "<group>"; };
		9C7F408A22647073006FAC85 /* objc-file-old.h */ = {isa = PBXFileReference; lastKnownFileType = sourcecode.c.h; path = "objc-file-old.h"; sourceTree = "<group>"; };
		9C7F408B22647073006FAC85 /* objc.h */ = {isa = PBXFileReference; lastKnownFileType = sourcecode.c.h; path = objc.h; sourceTree = "<group>"; };
		9C7F408C22647073006FAC85 /* objc-locks-old.h */ = {isa = PBXFileReference; lastKnownFileType = sourcecode.c.h; path = "objc-locks-old.h"; sourceTree = "<group>"; };
		9C7F408D22647073006FAC85 /* objc-auto.mm */ = {isa = PBXFileReference; lastKnownFileType = sourcecode.cpp.objcpp; path = "objc-auto.mm"; sourceTree = "<group>"; };
		9C7F408E22647073006FAC85 /* objc-cache-old.mm */ = {isa = PBXFileReference; lastKnownFileType = sourcecode.cpp.objcpp; path = "objc-cache-old.mm"; sourceTree = "<group>"; };
		9C7F408F22647073006FAC85 /* objc-sel-set.h */ = {isa = PBXFileReference; lastKnownFileType = sourcecode.c.h; path = "objc-sel-set.h"; sourceTree = "<group>"; };
		9C7F409022647073006FAC85 /* llvm-MathExtras.h */ = {isa = PBXFileReference; lastKnownFileType = sourcecode.c.h; path = "llvm-MathExtras.h"; sourceTree = "<group>"; };
		9C7F409122647073006FAC85 /* objc-sel.mm */ = {isa = PBXFileReference; lastKnownFileType = sourcecode.cpp.objcpp; path = "objc-sel.mm"; sourceTree = "<group>"; };
		9C7F409222647073006FAC85 /* runtime.h */ = {isa = PBXFileReference; lastKnownFileType = sourcecode.c.h; path = runtime.h; sourceTree = "<group>"; };
		9C7F409322647073006FAC85 /* objc-gdb.h */ = {isa = PBXFileReference; lastKnownFileType = sourcecode.c.h; path = "objc-gdb.h"; sourceTree = "<group>"; };
		9C7F409422647073006FAC85 /* objc-class.h */ = {isa = PBXFileReference; lastKnownFileType = sourcecode.c.h; path = "objc-class.h"; sourceTree = "<group>"; };
		9C7F409522647073006FAC85 /* NSObject.h */ = {isa = PBXFileReference; lastKnownFileType = sourcecode.c.h; path = NSObject.h; sourceTree = "<group>"; };
		9C7F409622647073006FAC85 /* objc-internal.h */ = {isa = PBXFileReference; lastKnownFileType = sourcecode.c.h; path = "objc-internal.h"; sourceTree = "<group>"; };
		9C7F409722647073006FAC85 /* objc-weak.h */ = {isa = PBXFileReference; lastKnownFileType = sourcecode.c.h; path = "objc-weak.h"; sourceTree = "<group>"; };
		9C7F409822647073006FAC85 /* Object.mm */ = {isa = PBXFileReference; lastKnownFileType = sourcecode.cpp.objcpp; path = Object.mm; sourceTree = "<group>"; };
		9C7F409922647073006FAC85 /* objc-sync.mm */ = {isa = PBXFileReference; lastKnownFileType = sourcecode.cpp.objcpp; path = "objc-sync.mm"; sourceTree = "<group>"; };
		9C7F409A22647073006FAC85 /* maptable.h */ = {isa = PBXFileReference; lastKnownFileType = sourcecode.c.h; path = maptable.h; sourceTree = "<group>"; };
		9C7F409B22647073006FAC85 /* objc-runtime-old.h */ = {isa = PBXFileReference; lastKnownFileType = sourcecode.c.h; path = "objc-runtime-old.h"; sourceTree = "<group>"; };
		9C7F409C22647073006FAC85 /* objc-exception.mm */ = {isa = PBXFileReference; lastKnownFileType = sourcecode.cpp.objcpp; path = "objc-exception.mm"; sourceTree = "<group>"; };
		9C7F409D22647073006FAC85 /* objc-object.h */ = {isa = PBXFileReference; lastKnownFileType = sourcecode.c.h; path = "objc-object.h"; sourceTree = "<group>"; };
		9C7F409E22647073006FAC85 /* objc-layout.mm */ = {isa = PBXFileReference; lastKnownFileType = sourcecode.cpp.objcpp; path = "objc-layout.mm"; sourceTree = "<group>"; };
		9C7F409F22647073006FAC85 /* objc-initialize.h */ = {isa = PBXFileReference; lastKnownFileType = sourcecode.c.h; path = "objc-initialize.h"; sourceTree = "<group>"; };
		9C7F40A022647073006FAC85 /* objc-runtime-old.mm */ = {isa = PBXFileReference; lastKnownFileType = sourcecode.cpp.objcpp; path = "objc-runtime-old.mm"; sourceTree = "<group>"; };
		9C7F40A122647073006FAC85 /* objc-abi.h */ = {isa = PBXFileReference; lastKnownFileType = sourcecode.c.h; path = "objc-abi.h"; sourceTree = "<group>"; };
		9C7F40A222647073006FAC85 /* a1a2-blocktramps-arm64.s */ = {isa = PBXFileReference; lastKnownFileType = sourcecode.asm; path = "a1a2-blocktramps-arm64.s"; sourceTree = "<group>"; };
		9C7F40A322647073006FAC85 /* objc-os.mm */ = {isa = PBXFileReference; lastKnownFileType = sourcecode.cpp.objcpp; path = "objc-os.mm"; sourceTree = "<group>"; };
		9C7F40A422647073006FAC85 /* objc-accessors.mm */ = {isa = PBXFileReference; lastKnownFileType = sourcecode.cpp.objcpp; path = "objc-accessors.mm"; sourceTree = "<group>"; };
		9C7F40A522647073006FAC85 /* objcrt.c */ = {isa = PBXFileReference; lastKnownFileType = sourcecode.c.c; path = objcrt.c; sourceTree = "<group>"; };
		9C7F40A622647073006FAC85 /* objc-loadmethod.h */ = {isa = PBXFileReference; lastKnownFileType = sourcecode.c.h; path = "objc-loadmethod.h"; sourceTree = "<group>"; };
		9C7F40A722647073006FAC85 /* Object.h */ = {isa = PBXFileReference; lastKnownFileType = sourcecode.c.h; path = Object.h; sourceTree = "<group>"; };
		9C7F40A822647073006FAC85 /* hashtable2.mm */ = {isa = PBXFileReference; lastKnownFileType = sourcecode.cpp.objcpp; path = hashtable2.mm; sourceTree = "<group>"; };
		9C7F40A922647073006FAC85 /* a2a3-blocktramps-arm.s */ = {isa = PBXFileReference; lastKnownFileType = sourcecode.asm; path = "a2a3-blocktramps-arm.s"; sourceTree = "<group>"; };
		9C7F40AA22647073006FAC85 /* objc-references.h */ = {isa = PBXFileReference; lastKnownFileType = sourcecode.c.h; path = "objc-references.h"; sourceTree = "<group>"; };
		9C7F40AB22647073006FAC85 /* objc-sel-old.mm */ = {isa = PBXFileReference; lastKnownFileType = sourcecode.cpp.objcpp; path = "objc-sel-old.mm"; sourceTree = "<group>"; };
		9C7F40AC22647073006FAC85 /* objc-typeencoding.mm */ = {isa = PBXFileReference; lastKnownFileType = sourcecode.cpp.objcpp; path = "objc-typeencoding.mm"; sourceTree = "<group>"; };
		9C7F40AD22647073006FAC85 /* objc-opt.mm */ = {isa = PBXFileReference; lastKnownFileType = sourcecode.cpp.objcpp; path = "objc-opt.mm"; sourceTree = "<group>"; };
		9C7F40AE22647073006FAC85 /* objc-runtime-new.h */ = {isa = PBXFileReference; lastKnownFileType = sourcecode.c.h; path = "objc-runtime-new.h"; sourceTree = "<group>"; };
		9C7F40AF22647073006FAC85 /* objc-locks.h */ = {isa = PBXFileReference; lastKnownFileType = sourcecode.c.h; path = "objc-locks.h"; sourceTree = "<group>"; };
		9C7F40B022647073006FAC85 /* objc-auto.h */ = {isa = PBXFileReference; lastKnownFileType = sourcecode.c.h; path = "objc-auto.h"; sourceTree = "<group>"; };
		9C7F40B122647073006FAC85 /* objc-lockdebug.mm */ = {isa = PBXFileReference; lastKnownFileType = sourcecode.cpp.objcpp; path = "objc-lockdebug.mm"; sourceTree = "<group>"; };
		9C7F40B222647073006FAC85 /* llvm-DenseMap.h */ = {isa = PBXFileReference; lastKnownFileType = sourcecode.c.h; path = "llvm-DenseMap.h"; sourceTree = "<group>"; };
		9C7F40B322647073006FAC85 /* objc-cache.mm */ = {isa = PBXFileReference; lastKnownFileType = sourcecode.cpp.objcpp; path = "objc-cache.mm"; sourceTree = "<group>"; };
		9C7F40B422647073006FAC85 /* a1a2-blocktramps-arm.s */ = {isa = PBXFileReference; lastKnownFileType = sourcecode.asm; path = "a1a2-blocktramps-arm.s"; sourceTree = "<group>"; };
		9C7F40B522647073006FAC85 /* llvm-AlignOf.h */ = {isa = PBXFileReference; lastKnownFileType = sourcecode.c.h; path = "llvm-AlignOf.h"; sourceTree = "<group>"; };
		9C7F40B622647073006FAC85 /* objc-api.h */ = {isa = PBXFileReference; lastKnownFileType = sourcecode.c.h; path = "objc-api.h"; sourceTree = "<group>"; };
		9C7F40B722647073006FAC85 /* hashtable2.h */ = {isa = PBXFileReference; lastKnownFileType = sourcecode.c.h; path = hashtable2.h; sourceTree = "<group>"; };
		9C7F40B822647073006FAC85 /* Protocol.mm */ = {isa = PBXFileReference; lastKnownFileType = sourcecode.cpp.objcpp; path = Protocol.mm; sourceTree = "<group>"; };
		9C7F40B922647073006FAC85 /* objc-runtime.h */ = {isa = PBXFileReference; lastKnownFileType = sourcecode.c.h; path = "objc-runtime.h"; sourceTree = "<group>"; };
		9C7F40BA22647073006FAC85 /* objc.xcodeproj */ = {isa = PBXFileReference; lastKnownFileType = "wrapper.pb-project"; path = objc.xcodeproj; sourceTree = "<group>"; };
		9C7F40BD22647073006FAC85 /* interposable.txt */ = {isa = PBXFileReference; lastKnownFileType = text; path = interposable.txt; sourceTree = "<group>"; };
		9C7F40BE22647073006FAC85 /* markgc.cpp */ = {isa = PBXFileReference; lastKnownFileType = sourcecode.cpp.cpp; path = markgc.cpp; sourceTree = "<group>"; };
		9C7F40BF22647073006FAC85 /* version.rc */ = {isa = PBXFileReference; lastKnownFileType = text; path = version.rc; sourceTree = "<group>"; };
		9C7F40C022647073006FAC85 /* objc.sln */ = {isa = PBXFileReference; lastKnownFileType = text; path = objc.sln; sourceTree = "<group>"; };
		9C7F40C122647073006FAC85 /* objc.vcproj */ = {isa = PBXFileReference; lastKnownFileType = text.xml; path = objc.vcproj; sourceTree = "<group>"; };
		9C9F695F2265C4D500F0AFFA /* __forwarding__.c */ = {isa = PBXFileReference; lastKnownFileType = sourcecode.c.c; path = __forwarding__.c; sourceTree = "<group>"; };
		9C9F69622265C4D500F0AFFA /* __forwarding__clean.c */ = {isa = PBXFileReference; lastKnownFileType = sourcecode.c.c; path = __forwarding__clean.c; sourceTree = "<group>"; };
		9C9F69652265D10700F0AFFA /* 屏幕快照 2019-04-16 16.59.15.png */ = {isa = PBXFileReference; lastKnownFileType = image.png; path = "屏幕快照 2019-04-16 16.59.15.png"; sourceTree = "<group>"; };
		9C9F69672265D16500F0AFFA /* 屏幕快照 2019-04-16 17.01.00.png */ = {isa = PBXFileReference; lastKnownFileType = image.png; path = "屏幕快照 2019-04-16 17.01.00.png"; sourceTree = "<group>"; };
		9C9F69692265D17100F0AFFA /* 屏幕快照 2019-04-16 17.01.11.png */ = {isa = PBXFileReference; lastKnownFileType = image.png; path = "屏幕快照 2019-04-16 17.01.11.png"; sourceTree = "<group>"; };
/* End PBXFileReference section */

/* Begin PBXFrameworksBuildPhase section */
		9C7F3F922264154E006FAC85 /* Frameworks */ = {
			isa = PBXFrameworksBuildPhase;
			buildActionMask = 2147483647;
			files = (
			);
			runOnlyForDeploymentPostprocessing = 0;
		};
		9C7F3FAA22641550006FAC85 /* Frameworks */ = {
			isa = PBXFrameworksBuildPhase;
			buildActionMask = 2147483647;
			files = (
			);
			runOnlyForDeploymentPostprocessing = 0;
		};
		9C7F3FB522641550006FAC85 /* Frameworks */ = {
			isa = PBXFrameworksBuildPhase;
			buildActionMask = 2147483647;
			files = (
			);
			runOnlyForDeploymentPostprocessing = 0;
		};
/* End PBXFrameworksBuildPhase section */

/* Begin PBXGroup section */
		9C7F3F8C2264154E006FAC85 = {
			isa = PBXGroup;
			children = (
				9C7F3F972264154E006FAC85 /* RuntimeDemo */,
				9C7F3FB022641550006FAC85 /* RuntimeDemoTests */,
				9C7F3FBB22641550006FAC85 /* RuntimeDemoUITests */,
				9C7F3F962264154E006FAC85 /* Products */,
			);
			sourceTree = "<group>";
		};
		9C7F3F962264154E006FAC85 /* Products */ = {
			isa = PBXGroup;
			children = (
				9C7F3F952264154E006FAC85 /* RuntimeDemo.app */,
				9C7F3FAD22641550006FAC85 /* RuntimeDemoTests.xctest */,
				9C7F3FB822641550006FAC85 /* RuntimeDemoUITests.xctest */,
			);
			name = Products;
			sourceTree = "<group>";
		};
		9C7F3F972264154E006FAC85 /* RuntimeDemo */ = {
			isa = PBXGroup;
			children = (
				9C9F695F2265C4D500F0AFFA /* __forwarding__.c */,
				9C9F69622265C4D500F0AFFA /* __forwarding__clean.c */,
				9C7F404822647072006FAC85 /* objc4-723 */,
				9C7F3F982264154E006FAC85 /* AppDelegate.h */,
				9C7F3F992264154E006FAC85 /* AppDelegate.m */,
				9C7F3F9B2264154E006FAC85 /* ViewController.h */,
				9C7F3F9C2264154E006FAC85 /* ViewController.m */,
				9C45E9292265B1DA00A98F89 /* PLPerson.h */,
				9C45E92A2265B1DA00A98F89 /* PLPerson.m */,
				9C9F69652265D10700F0AFFA /* 屏幕快照 2019-04-16 16.59.15.png */,
				9C9F69672265D16500F0AFFA /* 屏幕快照 2019-04-16 17.01.00.png */,
				9C9F69692265D17100F0AFFA /* 屏幕快照 2019-04-16 17.01.11.png */,
				9C7F3F9E2264154E006FAC85 /* Main.storyboard */,
				9C7F3FA122641550006FAC85 /* Assets.xcassets */,
				9C7F3FA322641550006FAC85 /* LaunchScreen.storyboard */,
				9C7F3FA622641550006FAC85 /* Info.plist */,
				9C7F3FA722641550006FAC85 /* main.m */,
			);
			path = RuntimeDemo;
			sourceTree = "<group>";
		};
		9C7F3FB022641550006FAC85 /* RuntimeDemoTests */ = {
			isa = PBXGroup;
			children = (
				9C7F3FB122641550006FAC85 /* RuntimeDemoTests.m */,
				9C7F3FB322641550006FAC85 /* Info.plist */,
			);
			path = RuntimeDemoTests;
			sourceTree = "<group>";
		};
		9C7F3FBB22641550006FAC85 /* RuntimeDemoUITests */ = {
			isa = PBXGroup;
			children = (
				9C7F3FBC22641550006FAC85 /* RuntimeDemoUITests.m */,
				9C7F3FBE22641550006FAC85 /* Info.plist */,
			);
			path = RuntimeDemoUITests;
			sourceTree = "<group>";
		};
		9C7F404822647072006FAC85 /* objc4-723 */ = {
			isa = PBXGroup;
			children = (
				9C7F404922647072006FAC85 /* version.bat */,
				9C7F404A22647072006FAC85 /* objcrt */,
				9C7F404C22647072006FAC85 /* libobjc.order */,
				9C7F404D22647072006FAC85 /* APPLE_LICENSE */,
				9C7F404E22647072006FAC85 /* prebuild.bat */,
				9C7F404F22647072006FAC85 /* objc.suo */,
				9C7F405022647072006FAC85 /* unexported_symbols */,
				9C7F405122647072006FAC85 /* ReleaseNotes.rtf */,
				9C7F405222647072006FAC85 /* runtime */,
				9C7F40BA22647073006FAC85 /* objc.xcodeproj */,
				9C7F40BD22647073006FAC85 /* interposable.txt */,
				9C7F40BE22647073006FAC85 /* markgc.cpp */,
				9C7F40BF22647073006FAC85 /* version.rc */,
				9C7F40C022647073006FAC85 /* objc.sln */,
				9C7F40C122647073006FAC85 /* objc.vcproj */,
			);
			path = "objc4-723";
			sourceTree = "<group>";
		};
		9C7F404A22647072006FAC85 /* objcrt */ = {
			isa = PBXGroup;
			children = (
				9C7F404B22647072006FAC85 /* objcrt.vcproj */,
			);
			path = objcrt;
			sourceTree = "<group>";
		};
		9C7F405222647072006FAC85 /* runtime */ = {
			isa = PBXGroup;
			children = (
				9C7F405322647072006FAC85 /* Protocol.h */,
				9C7F405422647072006FAC85 /* objc-file.mm */,
				9C7F405522647072006FAC85 /* objc-errors.mm */,
				9C7F405622647072006FAC85 /* objc-config.h */,
				9C7F405722647072006FAC85 /* objc-private.h */,
				9C7F405822647072006FAC85 /* Messengers.subproj */,
				9C7F406022647072006FAC85 /* llvm-DenseMapInfo.h */,
				9C7F406122647072006FAC85 /* objc-class.mm */,
				9C7F406222647072006FAC85 /* a1a2-blocktramps-x86_64.s */,
				9C7F406322647072006FAC85 /* objc-runtime-new.mm */,
				9C7F406422647072006FAC85 /* objc-file-old.mm */,
				9C7F406522647072006FAC85 /* a1a2-blocktramps-i386.s */,
				9C7F406622647072006FAC85 /* objc-sel-table.s */,
				9C7F406722647072006FAC85 /* objc-locks-new.h */,
				9C7F406822647072006FAC85 /* objc-os.h */,
				9C7F406922647072006FAC85 /* objc-exception.h */,
				9C7F406A22647072006FAC85 /* NSObjCRuntime.h */,
				9C7F406B22647072006FAC85 /* objc-cache-old.h */,
				9C7F406C22647072006FAC85 /* a2a3-blocktramps-i386.s */,
				9C7F406D22647072006FAC85 /* NSObject.mm */,
				9C7F406E22647072006FAC85 /* objcrt.h */,
				9C7F406F22647072006FAC85 /* objc-references.mm */,
				9C7F407022647072006FAC85 /* objc-sel-set.mm */,
				9C7F407122647072006FAC85 /* objc-sync.h */,
				9C7F407222647072006FAC85 /* hashtable.h */,
				9C7F407322647072006FAC85 /* objc-initialize.mm */,
				9C7F407422647072006FAC85 /* a2a3-blocktramps-x86_64.s */,
				9C7F407522647072006FAC85 /* objc-load.mm */,
				9C7F407622647072006FAC85 /* objc-lockdebug.h */,
				9C7F407722647072006FAC85 /* objc-load.h */,
				9C7F407822647072006FAC85 /* Module */,
				9C7F407B22647072006FAC85 /* llvm-type_traits.h */,
				9C7F407C22647072006FAC85 /* OldClasses.subproj */,
				9C7F407F22647072006FAC85 /* objc-block-trampolines.mm */,
				9C7F408022647072006FAC85 /* objc-loadmethod.mm */,
				9C7F408122647072006FAC85 /* objc-runtime.mm */,
				9C7F408222647072006FAC85 /* objc-file.h */,
				9C7F408322647072006FAC85 /* objc-probes.d */,
				9C7F408422647073006FAC85 /* objc-class-old.mm */,
				9C7F408522647073006FAC85 /* message.h */,
				9C7F408622647073006FAC85 /* objc-cache.h */,
				9C7F408722647073006FAC85 /* objc-weak.mm */,
				9C7F408822647073006FAC85 /* objc-env.h */,
				9C7F408922647073006FAC85 /* maptable.mm */,
				9C7F408A22647073006FAC85 /* objc-file-old.h */,
				9C7F408B22647073006FAC85 /* objc.h */,
				9C7F408C22647073006FAC85 /* objc-locks-old.h */,
				9C7F408D22647073006FAC85 /* objc-auto.mm */,
				9C7F408E22647073006FAC85 /* objc-cache-old.mm */,
				9C7F408F22647073006FAC85 /* objc-sel-set.h */,
				9C7F409022647073006FAC85 /* llvm-MathExtras.h */,
				9C7F409122647073006FAC85 /* objc-sel.mm */,
				9C7F409222647073006FAC85 /* runtime.h */,
				9C7F409322647073006FAC85 /* objc-gdb.h */,
				9C7F409422647073006FAC85 /* objc-class.h */,
				9C7F409522647073006FAC85 /* NSObject.h */,
				9C7F409622647073006FAC85 /* objc-internal.h */,
				9C7F409722647073006FAC85 /* objc-weak.h */,
				9C7F409822647073006FAC85 /* Object.mm */,
				9C7F409922647073006FAC85 /* objc-sync.mm */,
				9C7F409A22647073006FAC85 /* maptable.h */,
				9C7F409B22647073006FAC85 /* objc-runtime-old.h */,
				9C7F409C22647073006FAC85 /* objc-exception.mm */,
				9C7F409D22647073006FAC85 /* objc-object.h */,
				9C7F409E22647073006FAC85 /* objc-layout.mm */,
				9C7F409F22647073006FAC85 /* objc-initialize.h */,
				9C7F40A022647073006FAC85 /* objc-runtime-old.mm */,
				9C7F40A122647073006FAC85 /* objc-abi.h */,
				9C7F40A222647073006FAC85 /* a1a2-blocktramps-arm64.s */,
				9C7F40A322647073006FAC85 /* objc-os.mm */,
				9C7F40A422647073006FAC85 /* objc-accessors.mm */,
				9C7F40A522647073006FAC85 /* objcrt.c */,
				9C7F40A622647073006FAC85 /* objc-loadmethod.h */,
				9C7F40A722647073006FAC85 /* Object.h */,
				9C7F40A822647073006FAC85 /* hashtable2.mm */,
				9C7F40A922647073006FAC85 /* a2a3-blocktramps-arm.s */,
				9C7F40AA22647073006FAC85 /* objc-references.h */,
				9C7F40AB22647073006FAC85 /* objc-sel-old.mm */,
				9C7F40AC22647073006FAC85 /* objc-typeencoding.mm */,
				9C7F40AD22647073006FAC85 /* objc-opt.mm */,
				9C7F40AE22647073006FAC85 /* objc-runtime-new.h */,
				9C7F40AF22647073006FAC85 /* objc-locks.h */,
				9C7F40B022647073006FAC85 /* objc-auto.h */,
				9C7F40B122647073006FAC85 /* objc-lockdebug.mm */,
				9C7F40B222647073006FAC85 /* llvm-DenseMap.h */,
				9C7F40B322647073006FAC85 /* objc-cache.mm */,
				9C7F40B422647073006FAC85 /* a1a2-blocktramps-arm.s */,
				9C7F40B522647073006FAC85 /* llvm-AlignOf.h */,
				9C7F40B622647073006FAC85 /* objc-api.h */,
				9C7F40B722647073006FAC85 /* hashtable2.h */,
				9C7F40B822647073006FAC85 /* Protocol.mm */,
				9C7F40B922647073006FAC85 /* objc-runtime.h */,
			);
			path = runtime;
			sourceTree = "<group>";
		};
		9C7F405822647072006FAC85 /* Messengers.subproj */ = {
			isa = PBXGroup;
			children = (
				9C7F405922647072006FAC85 /* objc-msg-arm.s */,
				9C7F405A22647072006FAC85 /* objc-msg-simulator-i386.s */,
				9C7F405B22647072006FAC85 /* objc-msg-i386.s */,
				9C7F405C22647072006FAC85 /* objc-msg-x86_64.s */,
				9C7F405D22647072006FAC85 /* objc-msg-simulator-x86_64.s */,
				9C7F405E22647072006FAC85 /* objc-msg-win32.m */,
				9C7F405F22647072006FAC85 /* objc-msg-arm64.s */,
			);
			path = Messengers.subproj;
			sourceTree = "<group>";
		};
		9C7F407822647072006FAC85 /* Module */ = {
			isa = PBXGroup;
			children = (
				9C7F407922647072006FAC85 /* ObjectiveC.apinotes */,
				9C7F407A22647072006FAC85 /* module.modulemap */,
			);
			path = Module;
			sourceTree = "<group>";
		};
		9C7F407C22647072006FAC85 /* OldClasses.subproj */ = {
			isa = PBXGroup;
			children = (
				9C7F407D22647072006FAC85 /* List.m */,
				9C7F407E22647072006FAC85 /* List.h */,
			);
			path = OldClasses.subproj;
			sourceTree = "<group>";
		};
		9C7F40BB22647073006FAC85 /* Products */ = {
			isa = PBXGroup;
			children = (
				9C7F40C522647073006FAC85 /* libobjc.A.dylib */,
			);
			name = Products;
			sourceTree = "<group>";
		};
/* End PBXGroup section */

/* Begin PBXNativeTarget section */
		9C7F3F942264154E006FAC85 /* RuntimeDemo */ = {
			isa = PBXNativeTarget;
			buildConfigurationList = 9C7F3FC122641550006FAC85 /* Build configuration list for PBXNativeTarget "RuntimeDemo" */;
			buildPhases = (
				9C7F3F912264154E006FAC85 /* Sources */,
				9C7F3F922264154E006FAC85 /* Frameworks */,
				9C7F3F932264154E006FAC85 /* Resources */,
			);
			buildRules = (
			);
			dependencies = (
			);
			name = RuntimeDemo;
			productName = RuntimeDemo;
			productReference = 9C7F3F952264154E006FAC85 /* RuntimeDemo.app */;
			productType = "com.apple.product-type.application";
		};
		9C7F3FAC22641550006FAC85 /* RuntimeDemoTests */ = {
			isa = PBXNativeTarget;
			buildConfigurationList = 9C7F3FC422641550006FAC85 /* Build configuration list for PBXNativeTarget "RuntimeDemoTests" */;
			buildPhases = (
				9C7F3FA922641550006FAC85 /* Sources */,
				9C7F3FAA22641550006FAC85 /* Frameworks */,
				9C7F3FAB22641550006FAC85 /* Resources */,
			);
			buildRules = (
			);
			dependencies = (
				9C7F3FAF22641550006FAC85 /* PBXTargetDependency */,
			);
			name = RuntimeDemoTests;
			productName = RuntimeDemoTests;
			productReference = 9C7F3FAD22641550006FAC85 /* RuntimeDemoTests.xctest */;
			productType = "com.apple.product-type.bundle.unit-test";
		};
		9C7F3FB722641550006FAC85 /* RuntimeDemoUITests */ = {
			isa = PBXNativeTarget;
			buildConfigurationList = 9C7F3FC722641550006FAC85 /* Build configuration list for PBXNativeTarget "RuntimeDemoUITests" */;
			buildPhases = (
				9C7F3FB422641550006FAC85 /* Sources */,
				9C7F3FB522641550006FAC85 /* Frameworks */,
				9C7F3FB622641550006FAC85 /* Resources */,
			);
			buildRules = (
			);
			dependencies = (
				9C7F3FBA22641550006FAC85 /* PBXTargetDependency */,
			);
			name = RuntimeDemoUITests;
			productName = RuntimeDemoUITests;
			productReference = 9C7F3FB822641550006FAC85 /* RuntimeDemoUITests.xctest */;
			productType = "com.apple.product-type.bundle.ui-testing";
		};
/* End PBXNativeTarget section */

/* Begin PBXProject section */
		9C7F3F8D2264154E006FAC85 /* Project object */ = {
			isa = PBXProject;
			attributes = {
				LastUpgradeCheck = 1010;
				ORGANIZATIONNAME = zpz;
				TargetAttributes = {
					9C7F3F942264154E006FAC85 = {
						CreatedOnToolsVersion = 10.1;
					};
					9C7F3FAC22641550006FAC85 = {
						CreatedOnToolsVersion = 10.1;
						TestTargetID = 9C7F3F942264154E006FAC85;
					};
					9C7F3FB722641550006FAC85 = {
						CreatedOnToolsVersion = 10.1;
						TestTargetID = 9C7F3F942264154E006FAC85;
					};
				};
			};
			buildConfigurationList = 9C7F3F902264154E006FAC85 /* Build configuration list for PBXProject "RuntimeDemo" */;
			compatibilityVersion = "Xcode 9.3";
			developmentRegion = en;
			hasScannedForEncodings = 0;
			knownRegions = (
				en,
				Base,
			);
			mainGroup = 9C7F3F8C2264154E006FAC85;
			productRefGroup = 9C7F3F962264154E006FAC85 /* Products */;
			projectDirPath = "";
			projectReferences = (
				{
					ProductGroup = 9C7F40BB22647073006FAC85 /* Products */;
					ProjectRef = 9C7F40BA22647073006FAC85 /* objc.xcodeproj */;
				},
			);
			projectRoot = "";
			targets = (
				9C7F3F942264154E006FAC85 /* RuntimeDemo */,
				9C7F3FAC22641550006FAC85 /* RuntimeDemoTests */,
				9C7F3FB722641550006FAC85 /* RuntimeDemoUITests */,
			);
		};
/* End PBXProject section */

/* Begin PBXReferenceProxy section */
		9C7F40C522647073006FAC85 /* libobjc.A.dylib */ = {
			isa = PBXReferenceProxy;
			fileType = "compiled.mach-o.dylib";
			path = libobjc.A.dylib;
			remoteRef = 9C7F40C422647073006FAC85 /* PBXContainerItemProxy */;
			sourceTree = BUILT_PRODUCTS_DIR;
		};
/* End PBXReferenceProxy section */

/* Begin PBXResourcesBuildPhase section */
		9C7F3F932264154E006FAC85 /* Resources */ = {
			isa = PBXResourcesBuildPhase;
			buildActionMask = 2147483647;
			files = (
				9C9F69682265D16500F0AFFA /* 屏幕快照 2019-04-16 17.01.00.png in Resources */,
				9C7F3FA522641550006FAC85 /* LaunchScreen.storyboard in Resources */,
				9C9F69662265D10700F0AFFA /* 屏幕快照 2019-04-16 16.59.15.png in Resources */,
				9C7F3FA222641550006FAC85 /* Assets.xcassets in Resources */,
				9C7F3FA02264154E006FAC85 /* Main.storyboard in Resources */,
				9C9F696A2265D17100F0AFFA /* 屏幕快照 2019-04-16 17.01.11.png in Resources */,
			);
			runOnlyForDeploymentPostprocessing = 0;
		};
		9C7F3FAB22641550006FAC85 /* Resources */ = {
			isa = PBXResourcesBuildPhase;
			buildActionMask = 2147483647;
			files = (
			);
			runOnlyForDeploymentPostprocessing = 0;
		};
		9C7F3FB622641550006FAC85 /* Resources */ = {
			isa = PBXResourcesBuildPhase;
			buildActionMask = 2147483647;
			files = (
			);
			runOnlyForDeploymentPostprocessing = 0;
		};
/* End PBXResourcesBuildPhase section */

/* Begin PBXSourcesBuildPhase section */
		9C7F3F912264154E006FAC85 /* Sources */ = {
			isa = PBXSourcesBuildPhase;
			buildActionMask = 2147483647;
			files = (
				9C45E92B2265B1DA00A98F89 /* PLPerson.m in Sources */,
				9C7F3F9D2264154E006FAC85 /* ViewController.m in Sources */,
				9C7F3FA822641550006FAC85 /* main.m in Sources */,
				9C7F3F9A2264154E006FAC85 /* AppDelegate.m in Sources */,
			);
			runOnlyForDeploymentPostprocessing = 0;
		};
		9C7F3FA922641550006FAC85 /* Sources */ = {
			isa = PBXSourcesBuildPhase;
			buildActionMask = 2147483647;
			files = (
				9C7F3FB222641550006FAC85 /* RuntimeDemoTests.m in Sources */,
			);
			runOnlyForDeploymentPostprocessing = 0;
		};
		9C7F3FB422641550006FAC85 /* Sources */ = {
			isa = PBXSourcesBuildPhase;
			buildActionMask = 2147483647;
			files = (
				9C7F3FBD22641550006FAC85 /* RuntimeDemoUITests.m in Sources */,
			);
			runOnlyForDeploymentPostprocessing = 0;
		};
/* End PBXSourcesBuildPhase section */

/* Begin PBXTargetDependency section */
		9C7F3FAF22641550006FAC85 /* PBXTargetDependency */ = {
			isa = PBXTargetDependency;
			target = 9C7F3F942264154E006FAC85 /* RuntimeDemo */;
			targetProxy = 9C7F3FAE22641550006FAC85 /* PBXContainerItemProxy */;
		};
		9C7F3FBA22641550006FAC85 /* PBXTargetDependency */ = {
			isa = PBXTargetDependency;
			target = 9C7F3F942264154E006FAC85 /* RuntimeDemo */;
			targetProxy = 9C7F3FB922641550006FAC85 /* PBXContainerItemProxy */;
		};
/* End PBXTargetDependency section */

/* Begin PBXVariantGroup section */
		9C7F3F9E2264154E006FAC85 /* Main.storyboard */ = {
			isa = PBXVariantGroup;
			children = (
				9C7F3F9F2264154E006FAC85 /* Base */,
			);
			name = Main.storyboard;
			sourceTree = "<group>";
		};
		9C7F3FA322641550006FAC85 /* LaunchScreen.storyboard */ = {
			isa = PBXVariantGroup;
			children = (
				9C7F3FA422641550006FAC85 /* Base */,
			);
			name = LaunchScreen.storyboard;
			sourceTree = "<group>";
		};
/* End PBXVariantGroup section */

/* Begin XCBuildConfiguration section */
		9C7F3FBF22641550006FAC85 /* Debug */ = {
			isa = XCBuildConfiguration;
			buildSettings = {
				ALWAYS_SEARCH_USER_PATHS = NO;
				CLANG_ANALYZER_NONNULL = YES;
				CLANG_ANALYZER_NUMBER_OBJECT_CONVERSION = YES_AGGRESSIVE;
				CLANG_CXX_LANGUAGE_STANDARD = "gnu++14";
				CLANG_CXX_LIBRARY = "libc++";
				CLANG_ENABLE_MODULES = YES;
				CLANG_ENABLE_OBJC_ARC = YES;
				CLANG_ENABLE_OBJC_WEAK = YES;
				CLANG_WARN_BLOCK_CAPTURE_AUTORELEASING = YES;
				CLANG_WARN_BOOL_CONVERSION = YES;
				CLANG_WARN_COMMA = YES;
				CLANG_WARN_CONSTANT_CONVERSION = YES;
				CLANG_WARN_DEPRECATED_OBJC_IMPLEMENTATIONS = YES;
				CLANG_WARN_DIRECT_OBJC_ISA_USAGE = YES_ERROR;
				CLANG_WARN_DOCUMENTATION_COMMENTS = YES;
				CLANG_WARN_EMPTY_BODY = YES;
				CLANG_WARN_ENUM_CONVERSION = YES;
				CLANG_WARN_INFINITE_RECURSION = YES;
				CLANG_WARN_INT_CONVERSION = YES;
				CLANG_WARN_NON_LITERAL_NULL_CONVERSION = YES;
				CLANG_WARN_OBJC_IMPLICIT_RETAIN_SELF = YES;
				CLANG_WARN_OBJC_LITERAL_CONVERSION = YES;
				CLANG_WARN_OBJC_ROOT_CLASS = YES_ERROR;
				CLANG_WARN_RANGE_LOOP_ANALYSIS = YES;
				CLANG_WARN_STRICT_PROTOTYPES = YES;
				CLANG_WARN_SUSPICIOUS_MOVE = YES;
				CLANG_WARN_UNGUARDED_AVAILABILITY = YES_AGGRESSIVE;
				CLANG_WARN_UNREACHABLE_CODE = YES;
				CLANG_WARN__DUPLICATE_METHOD_MATCH = YES;
				CODE_SIGN_IDENTITY = "iPhone Developer";
				COPY_PHASE_STRIP = NO;
				DEBUG_INFORMATION_FORMAT = dwarf;
				ENABLE_STRICT_OBJC_MSGSEND = YES;
				ENABLE_TESTABILITY = YES;
				GCC_C_LANGUAGE_STANDARD = gnu11;
				GCC_DYNAMIC_NO_PIC = NO;
				GCC_NO_COMMON_BLOCKS = YES;
				GCC_OPTIMIZATION_LEVEL = 0;
				GCC_PREPROCESSOR_DEFINITIONS = (
					"DEBUG=1",
					"$(inherited)",
				);
				GCC_WARN_64_TO_32_BIT_CONVERSION = YES;
				GCC_WARN_ABOUT_RETURN_TYPE = YES_ERROR;
				GCC_WARN_UNDECLARED_SELECTOR = YES;
				GCC_WARN_UNINITIALIZED_AUTOS = YES_AGGRESSIVE;
				GCC_WARN_UNUSED_FUNCTION = YES;
				GCC_WARN_UNUSED_VARIABLE = YES;
				IPHONEOS_DEPLOYMENT_TARGET = 12.1;
				MTL_ENABLE_DEBUG_INFO = INCLUDE_SOURCE;
				MTL_FAST_MATH = YES;
				ONLY_ACTIVE_ARCH = YES;
				SDKROOT = iphoneos;
			};
			name = Debug;
		};
		9C7F3FC022641550006FAC85 /* Release */ = {
			isa = XCBuildConfiguration;
			buildSettings = {
				ALWAYS_SEARCH_USER_PATHS = NO;
				CLANG_ANALYZER_NONNULL = YES;
				CLANG_ANALYZER_NUMBER_OBJECT_CONVERSION = YES_AGGRESSIVE;
				CLANG_CXX_LANGUAGE_STANDARD = "gnu++14";
				CLANG_CXX_LIBRARY = "libc++";
				CLANG_ENABLE_MODULES = YES;
				CLANG_ENABLE_OBJC_ARC = YES;
				CLANG_ENABLE_OBJC_WEAK = YES;
				CLANG_WARN_BLOCK_CAPTURE_AUTORELEASING = YES;
				CLANG_WARN_BOOL_CONVERSION = YES;
				CLANG_WARN_COMMA = YES;
				CLANG_WARN_CONSTANT_CONVERSION = YES;
				CLANG_WARN_DEPRECATED_OBJC_IMPLEMENTATIONS = YES;
				CLANG_WARN_DIRECT_OBJC_ISA_USAGE = YES_ERROR;
				CLANG_WARN_DOCUMENTATION_COMMENTS = YES;
				CLANG_WARN_EMPTY_BODY = YES;
				CLANG_WARN_ENUM_CONVERSION = YES;
				CLANG_WARN_INFINITE_RECURSION = YES;
				CLANG_WARN_INT_CONVERSION = YES;
				CLANG_WARN_NON_LITERAL_NULL_CONVERSION = YES;
				CLANG_WARN_OBJC_IMPLICIT_RETAIN_SELF = YES;
				CLANG_WARN_OBJC_LITERAL_CONVERSION = YES;
				CLANG_WARN_OBJC_ROOT_CLASS = YES_ERROR;
				CLANG_WARN_RANGE_LOOP_ANALYSIS = YES;
				CLANG_WARN_STRICT_PROTOTYPES = YES;
				CLANG_WARN_SUSPICIOUS_MOVE = YES;
				CLANG_WARN_UNGUARDED_AVAILABILITY = YES_AGGRESSIVE;
				CLANG_WARN_UNREACHABLE_CODE = YES;
				CLANG_WARN__DUPLICATE_METHOD_MATCH = YES;
				CODE_SIGN_IDENTITY = "iPhone Developer";
				COPY_PHASE_STRIP = NO;
				DEBUG_INFORMATION_FORMAT = "dwarf-with-dsym";
				ENABLE_NS_ASSERTIONS = NO;
				ENABLE_STRICT_OBJC_MSGSEND = YES;
				GCC_C_LANGUAGE_STANDARD = gnu11;
				GCC_NO_COMMON_BLOCKS = YES;
				GCC_WARN_64_TO_32_BIT_CONVERSION = YES;
				GCC_WARN_ABOUT_RETURN_TYPE = YES_ERROR;
				GCC_WARN_UNDECLARED_SELECTOR = YES;
				GCC_WARN_UNINITIALIZED_AUTOS = YES_AGGRESSIVE;
				GCC_WARN_UNUSED_FUNCTION = YES;
				GCC_WARN_UNUSED_VARIABLE = YES;
				IPHONEOS_DEPLOYMENT_TARGET = 12.1;
				MTL_ENABLE_DEBUG_INFO = NO;
				MTL_FAST_MATH = YES;
				SDKROOT = iphoneos;
				VALIDATE_PRODUCT = YES;
			};
			name = Release;
		};
		9C7F3FC222641550006FAC85 /* Debug */ = {
			isa = XCBuildConfiguration;
			buildSettings = {
				ASSETCATALOG_COMPILER_APPICON_NAME = AppIcon;
				CODE_SIGN_STYLE = Automatic;
				DEVELOPMENT_TEAM = 28JPV368T2;
				INFOPLIST_FILE = RuntimeDemo/Info.plist;
				LD_RUNPATH_SEARCH_PATHS = (
					"$(inherited)",
					"@executable_path/Frameworks",
				);
				PRODUCT_BUNDLE_IDENTIFIER = kl.RuntimeDemo;
				PRODUCT_NAME = "$(TARGET_NAME)";
				TARGETED_DEVICE_FAMILY = "1,2";
			};
			name = Debug;
		};
		9C7F3FC322641550006FAC85 /* Release */ = {
			isa = XCBuildConfiguration;
			buildSettings = {
				ASSETCATALOG_COMPILER_APPICON_NAME = AppIcon;
				CODE_SIGN_STYLE = Automatic;
				DEVELOPMENT_TEAM = 28JPV368T2;
				INFOPLIST_FILE = RuntimeDemo/Info.plist;
				LD_RUNPATH_SEARCH_PATHS = (
					"$(inherited)",
					"@executable_path/Frameworks",
				);
				PRODUCT_BUNDLE_IDENTIFIER = kl.RuntimeDemo;
				PRODUCT_NAME = "$(TARGET_NAME)";
				TARGETED_DEVICE_FAMILY = "1,2";
			};
			name = Release;
		};
		9C7F3FC522641550006FAC85 /* Debug */ = {
			isa = XCBuildConfiguration;
			buildSettings = {
				BUNDLE_LOADER = "$(TEST_HOST)";
				CODE_SIGN_STYLE = Automatic;
				DEVELOPMENT_TEAM = 28JPV368T2;
				INFOPLIST_FILE = RuntimeDemoTests/Info.plist;
				LD_RUNPATH_SEARCH_PATHS = (
					"$(inherited)",
					"@executable_path/Frameworks",
					"@loader_path/Frameworks",
				);
				PRODUCT_BUNDLE_IDENTIFIER = kl.RuntimeDemoTests;
				PRODUCT_NAME = "$(TARGET_NAME)";
				TARGETED_DEVICE_FAMILY = "1,2";
				TEST_HOST = "$(BUILT_PRODUCTS_DIR)/RuntimeDemo.app/RuntimeDemo";
			};
			name = Debug;
		};
		9C7F3FC622641550006FAC85 /* Release */ = {
			isa = XCBuildConfiguration;
			buildSettings = {
				BUNDLE_LOADER = "$(TEST_HOST)";
				CODE_SIGN_STYLE = Automatic;
				DEVELOPMENT_TEAM = 28JPV368T2;
				INFOPLIST_FILE = RuntimeDemoTests/Info.plist;
				LD_RUNPATH_SEARCH_PATHS = (
					"$(inherited)",
					"@executable_path/Frameworks",
					"@loader_path/Frameworks",
				);
				PRODUCT_BUNDLE_IDENTIFIER = kl.RuntimeDemoTests;
				PRODUCT_NAME = "$(TARGET_NAME)";
				TARGETED_DEVICE_FAMILY = "1,2";
				TEST_HOST = "$(BUILT_PRODUCTS_DIR)/RuntimeDemo.app/RuntimeDemo";
			};
			name = Release;
		};
		9C7F3FC822641550006FAC85 /* Debug */ = {
			isa = XCBuildConfiguration;
			buildSettings = {
				CODE_SIGN_STYLE = Automatic;
				DEVELOPMENT_TEAM = 28JPV368T2;
				INFOPLIST_FILE = RuntimeDemoUITests/Info.plist;
				LD_RUNPATH_SEARCH_PATHS = (
					"$(inherited)",
					"@executable_path/Frameworks",
					"@loader_path/Frameworks",
				);
				PRODUCT_BUNDLE_IDENTIFIER = kl.RuntimeDemoUITests;
				PRODUCT_NAME = "$(TARGET_NAME)";
				TARGETED_DEVICE_FAMILY = "1,2";
				TEST_TARGET_NAME = RuntimeDemo;
			};
			name = Debug;
		};
		9C7F3FC922641550006FAC85 /* Release */ = {
			isa = XCBuildConfiguration;
			buildSettings = {
				CODE_SIGN_STYLE = Automatic;
				DEVELOPMENT_TEAM = 28JPV368T2;
				INFOPLIST_FILE = RuntimeDemoUITests/Info.plist;
				LD_RUNPATH_SEARCH_PATHS = (
					"$(inherited)",
					"@executable_path/Frameworks",
					"@loader_path/Frameworks",
				);
				PRODUCT_BUNDLE_IDENTIFIER = kl.RuntimeDemoUITests;
				PRODUCT_NAME = "$(TARGET_NAME)";
				TARGETED_DEVICE_FAMILY = "1,2";
				TEST_TARGET_NAME = RuntimeDemo;
			};
			name = Release;
		};
/* End XCBuildConfiguration section */

/* Begin XCConfigurationList section */
		9C7F3F902264154E006FAC85 /* Build configuration list for PBXProject "RuntimeDemo" */ = {
			isa = XCConfigurationList;
			buildConfigurations = (
				9C7F3FBF22641550006FAC85 /* Debug */,
				9C7F3FC022641550006FAC85 /* Release */,
			);
			defaultConfigurationIsVisible = 0;
			defaultConfigurationName = Release;
		};
		9C7F3FC122641550006FAC85 /* Build configuration list for PBXNativeTarget "RuntimeDemo" */ = {
			isa = XCConfigurationList;
			buildConfigurations = (
				9C7F3FC222641550006FAC85 /* Debug */,
				9C7F3FC322641550006FAC85 /* Release */,
			);
			defaultConfigurationIsVisible = 0;
			defaultConfigurationName = Release;
		};
		9C7F3FC422641550006FAC85 /* Build configuration list for PBXNativeTarget "RuntimeDemoTests" */ = {
			isa = XCConfigurationList;
			buildConfigurations = (
				9C7F3FC522641550006FAC85 /* Debug */,
				9C7F3FC622641550006FAC85 /* Release */,
			);
			defaultConfigurationIsVisible = 0;
			defaultConfigurationName = Release;
		};
		9C7F3FC722641550006FAC85 /* Build configuration list for PBXNativeTarget "RuntimeDemoUITests" */ = {
			isa = XCConfigurationList;
			buildConfigurations = (
				9C7F3FC822641550006FAC85 /* Debug */,
				9C7F3FC922641550006FAC85 /* Release */,
			);
			defaultConfigurationIsVisible = 0;
			defaultConfigurationName = Release;
		};
/* End XCConfigurationList section */
	};
	rootObject = 9C7F3F8D2264154E006FAC85 /* Project object */;
}
